// !$*UTF8*$!
{
	archiveVersion = 1;
	classes = {
	};
	objectVersion = 46;
	objects = {

/* Begin PBXBuildFile section */
		0840B76D1954AC9D008E6D3C /* MSChatViewController.m in Sources */ = {isa = PBXBuildFile; fileRef = 0840B76C1954AC9D008E6D3C /* MSChatViewController.m */; };
		084A5F06195350BE008EB2CA /* MSMatchViewController.m in Sources */ = {isa = PBXBuildFile; fileRef = 084A5F05195350BE008EB2CA /* MSMatchViewController.m */; };
		084A5F0A1953AB70008EB2CA /* MSMatchesViewController.m in Sources */ = {isa = PBXBuildFile; fileRef = 084A5F091953AB70008EB2CA /* MSMatchesViewController.m */; };
		08A519A5195A02FC0073CBA7 /* defaultPrefsFile.plist in Resources */ = {isa = PBXBuildFile; fileRef = 08A519A4195A02FC0073CBA7 /* defaultPrefsFile.plist */; };
		08A51A43195A28B00073CBA7 /* Facebook.png in Resources */ = {isa = PBXBuildFile; fileRef = 08A519A8195A28B00073CBA7 /* Facebook.png */; };
		08A51A44195A28B00073CBA7 /* Facebook@2x.png in Resources */ = {isa = PBXBuildFile; fileRef = 08A519A9195A28B00073CBA7 /* Facebook@2x.png */; };
		08A51A45195A28B00073CBA7 /* Logo.png in Resources */ = {isa = PBXBuildFile; fileRef = 08A519AA195A28B00073CBA7 /* Logo.png */; };
		08A51A46195A28B00073CBA7 /* Logo@2x.png in Resources */ = {isa = PBXBuildFile; fileRef = 08A519AB195A28B00073CBA7 /* Logo@2x.png */; };
		08A51A47195A28B00073CBA7 /* BG.png in Resources */ = {isa = PBXBuildFile; fileRef = 08A519AD195A28B00073CBA7 /* BG.png */; };
		08A51A48195A28B00073CBA7 /* BG@2x.png in Resources */ = {isa = PBXBuildFile; fileRef = 08A519AE195A28B00073CBA7 /* BG@2x.png */; };
		08A51A49195A28B00073CBA7 /* ChatIcon.png in Resources */ = {isa = PBXBuildFile; fileRef = 08A519AF195A28B00073CBA7 /* ChatIcon.png */; };
		08A51A4A195A28B00073CBA7 /* ChatIcon@2x.png in Resources */ = {isa = PBXBuildFile; fileRef = 08A519B0195A28B00073CBA7 /* ChatIcon@2x.png */; };
		08A51A4B195A28B00073CBA7 /* DislikeIcon.png in Resources */ = {isa = PBXBuildFile; fileRef = 08A519B1195A28B00073CBA7 /* DislikeIcon.png */; };
		08A51A4C195A28B00073CBA7 /* DislikeIcon@2x.png in Resources */ = {isa = PBXBuildFile; fileRef = 08A519B2195A28B00073CBA7 /* DislikeIcon@2x.png */; };
		08A51A4D195A28B00073CBA7 /* InfoIcon.png in Resources */ = {isa = PBXBuildFile; fileRef = 08A519B3195A28B00073CBA7 /* InfoIcon.png */; };
		08A51A4E195A28B00073CBA7 /* InfoIcon@2x.png in Resources */ = {isa = PBXBuildFile; fileRef = 08A519B4195A28B00073CBA7 /* InfoIcon@2x.png */; };
		08A51A4F195A28B00073CBA7 /* LikeIcon.png in Resources */ = {isa = PBXBuildFile; fileRef = 08A519B5195A28B00073CBA7 /* LikeIcon.png */; };
		08A51A50195A28B00073CBA7 /* LikeIcon@2x.png in Resources */ = {isa = PBXBuildFile; fileRef = 08A519B6195A28B00073CBA7 /* LikeIcon@2x.png */; };
		08A51A51195A28B00073CBA7 /* Matched-Up.png in Resources */ = {isa = PBXBuildFile; fileRef = 08A519B7195A28B00073CBA7 /* Matched-Up.png */; };
		08A51A52195A28B00073CBA7 /* Matched-Up@2x.png in Resources */ = {isa = PBXBuildFile; fileRef = 08A519B8195A28B00073CBA7 /* Matched-Up@2x.png */; };
		08A51A53195A28B00073CBA7 /* SettingIcon.png in Resources */ = {isa = PBXBuildFile; fileRef = 08A519B9195A28B00073CBA7 /* SettingIcon.png */; };
		08A51A54195A28B00073CBA7 /* SettingIcon@2x.png in Resources */ = {isa = PBXBuildFile; fileRef = 08A519BA195A28B00073CBA7 /* SettingIcon@2x.png */; };
		08A51A55195A28B00073CBA7 /* Top_NavBG.png in Resources */ = {isa = PBXBuildFile; fileRef = 08A519BB195A28B00073CBA7 /* Top_NavBG.png */; };
		08A51A56195A28B00073CBA7 /* Top_NavBG@2x.png in Resources */ = {isa = PBXBuildFile; fileRef = 08A519BC195A28B00073CBA7 /* Top_NavBG@2x.png */; };
		08A51A57195A28B00073CBA7 /* User_Image.png in Resources */ = {isa = PBXBuildFile; fileRef = 08A519BD195A28B00073CBA7 /* User_Image.png */; };
		08A51A58195A28B00073CBA7 /* User_Image@2x.png in Resources */ = {isa = PBXBuildFile; fileRef = 08A519BE195A28B00073CBA7 /* User_Image@2x.png */; };
		08A51A59195A28B00073CBA7 /* VP_BG.png in Resources */ = {isa = PBXBuildFile; fileRef = 08A519BF195A28B00073CBA7 /* VP_BG.png */; };
		08A51A5A195A28B00073CBA7 /* VP_BG@2x.png in Resources */ = {isa = PBXBuildFile; fileRef = 08A519C0195A28B00073CBA7 /* VP_BG@2x.png */; };
		08A51A5B195A28B00073CBA7 /* About_BG.png in Resources */ = {isa = PBXBuildFile; fileRef = 08A519C2195A28B00073CBA7 /* About_BG.png */; };
		08A51A5C195A28B00073CBA7 /* About_BG@2x.png in Resources */ = {isa = PBXBuildFile; fileRef = 08A519C3195A28B00073CBA7 /* About_BG@2x.png */; };
		08A51A5D195A28B00073CBA7 /* AgeIcon.png in Resources */ = {isa = PBXBuildFile; fileRef = 08A519C4195A28B00073CBA7 /* AgeIcon.png */; };
		08A51A5E195A28B00073CBA7 /* AgeIcon@2x.png in Resources */ = {isa = PBXBuildFile; fileRef = 08A519C5195A28B00073CBA7 /* AgeIcon@2x.png */; };
		08A51A5F195A28B00073CBA7 /* BG.png in Resources */ = {isa = PBXBuildFile; fileRef = 08A519C6195A28B00073CBA7 /* BG.png */; };
		08A51A60195A28B00073CBA7 /* BG@2x.png in Resources */ = {isa = PBXBuildFile; fileRef = 08A519C7195A28B00073CBA7 /* BG@2x.png */; };
		08A51A61195A28B00073CBA7 /* ChatIcon.png in Resources */ = {isa = PBXBuildFile; fileRef = 08A519C8195A28B00073CBA7 /* ChatIcon.png */; };
		08A51A62195A28B00073CBA7 /* ChatIcon@2x.png in Resources */ = {isa = PBXBuildFile; fileRef = 08A519C9195A28B00073CBA7 /* ChatIcon@2x.png */; };
		08A51A63195A28B00073CBA7 /* DislikeIcon.png in Resources */ = {isa = PBXBuildFile; fileRef = 08A519CA195A28B00073CBA7 /* DislikeIcon.png */; };
		08A51A64195A28B00073CBA7 /* DislikeIcon@2x.png in Resources */ = {isa = PBXBuildFile; fileRef = 08A519CB195A28B00073CBA7 /* DislikeIcon@2x.png */; };
		08A51A65195A28B00073CBA7 /* InfoIcon.png in Resources */ = {isa = PBXBuildFile; fileRef = 08A519CC195A28B00073CBA7 /* InfoIcon.png */; };
		08A51A66195A28B00073CBA7 /* InfoIcon@2x.png in Resources */ = {isa = PBXBuildFile; fileRef = 08A519CD195A28B00073CBA7 /* InfoIcon@2x.png */; };
		08A51A67195A28B00073CBA7 /* LikeIcon.png in Resources */ = {isa = PBXBuildFile; fileRef = 08A519CE195A28B00073CBA7 /* LikeIcon.png */; };
		08A51A68195A28B00073CBA7 /* LikeIcon@2x.png in Resources */ = {isa = PBXBuildFile; fileRef = 08A519CF195A28B00073CBA7 /* LikeIcon@2x.png */; };
		08A51A69195A28B00073CBA7 /* location.png in Resources */ = {isa = PBXBuildFile; fileRef = 08A519D0195A28B00073CBA7 /* location.png */; };
		08A51A6A195A28B00073CBA7 /* location@2x.png in Resources */ = {isa = PBXBuildFile; fileRef = 08A519D1195A28B00073CBA7 /* location@2x.png */; };
		08A51A6B195A28B00073CBA7 /* NameAgeStatusBar.png in Resources */ = {isa = PBXBuildFile; fileRef = 08A519D2195A28B00073CBA7 /* NameAgeStatusBar.png */; };
		08A51A6C195A28B00073CBA7 /* NameAgeStatusBar@2x.png in Resources */ = {isa = PBXBuildFile; fileRef = 08A519D3195A28B00073CBA7 /* NameAgeStatusBar@2x.png */; };
		08A51A6D195A28B00073CBA7 /* SettingIcon.png in Resources */ = {isa = PBXBuildFile; fileRef = 08A519D4195A28B00073CBA7 /* SettingIcon.png */; };
		08A51A6E195A28B00073CBA7 /* SettingIcon@2x.png in Resources */ = {isa = PBXBuildFile; fileRef = 08A519D5195A28B00073CBA7 /* SettingIcon@2x.png */; };
		08A51A6F195A28B00073CBA7 /* Single.png in Resources */ = {isa = PBXBuildFile; fileRef = 08A519D6195A28B00073CBA7 /* Single.png */; };
		08A51A70195A28B00073CBA7 /* Single@2x.png in Resources */ = {isa = PBXBuildFile; fileRef = 08A519D7195A28B00073CBA7 /* Single@2x.png */; };
		08A51A71195A28B00073CBA7 /* StatusIcon.png in Resources */ = {isa = PBXBuildFile; fileRef = 08A519D8195A28B00073CBA7 /* StatusIcon.png */; };
		08A51A72195A28B00073CBA7 /* StatusIcon@2x.png in Resources */ = {isa = PBXBuildFile; fileRef = 08A519D9195A28B00073CBA7 /* StatusIcon@2x.png */; };
		08A51A73195A28B00073CBA7 /* UserImage.png in Resources */ = {isa = PBXBuildFile; fileRef = 08A519DA195A28B00073CBA7 /* UserImage.png */; };
		08A51A74195A28B00073CBA7 /* UserImage@2x.png in Resources */ = {isa = PBXBuildFile; fileRef = 08A519DB195A28B00073CBA7 /* UserImage@2x.png */; };
		08A51A75195A28B00073CBA7 /* VP_BG.png in Resources */ = {isa = PBXBuildFile; fileRef = 08A519DC195A28B00073CBA7 /* VP_BG.png */; };
		08A51A76195A28B00073CBA7 /* VP_BG@2x.png in Resources */ = {isa = PBXBuildFile; fileRef = 08A519DD195A28B00073CBA7 /* VP_BG@2x.png */; };
		08A51A77195A28B00073CBA7 /* back-icon.png in Resources */ = {isa = PBXBuildFile; fileRef = 08A519DF195A28B00073CBA7 /* back-icon.png */; };
		08A51A78195A28B00073CBA7 /* back-icon@2x.png in Resources */ = {isa = PBXBuildFile; fileRef = 08A519E0195A28B00073CBA7 /* back-icon@2x.png */; };
		08A51A79195A28B00073CBA7 /* BG.png in Resources */ = {isa = PBXBuildFile; fileRef = 08A519E1195A28B00073CBA7 /* BG.png */; };
		08A51A7A195A28B00073CBA7 /* BG@2x.png in Resources */ = {isa = PBXBuildFile; fileRef = 08A519E2195A28B00073CBA7 /* BG@2x.png */; };
		08A51A7B195A28B00073CBA7 /* Chat_user.png in Resources */ = {isa = PBXBuildFile; fileRef = 08A519E3195A28B00073CBA7 /* Chat_user.png */; };
		08A51A7C195A28B00073CBA7 /* Chat_user@2x.png in Resources */ = {isa = PBXBuildFile; fileRef = 08A519E4195A28B00073CBA7 /* Chat_user@2x.png */; };
		08A51A7D195A28B00073CBA7 /* menu-icon.png in Resources */ = {isa = PBXBuildFile; fileRef = 08A519E5195A28B00073CBA7 /* menu-icon.png */; };
		08A51A7E195A28B00073CBA7 /* menu-icon@2x.png in Resources */ = {isa = PBXBuildFile; fileRef = 08A519E6195A28B00073CBA7 /* menu-icon@2x.png */; };
		08A51A7F195A28B00073CBA7 /* SettingIcon.png in Resources */ = {isa = PBXBuildFile; fileRef = 08A519E7195A28B00073CBA7 /* SettingIcon.png */; };
		08A51A80195A28B00073CBA7 /* SettingIcon@2x.png in Resources */ = {isa = PBXBuildFile; fileRef = 08A519E8195A28B00073CBA7 /* SettingIcon@2x.png */; };
		08A51A81195A28B00073CBA7 /* Top_NavBG.png in Resources */ = {isa = PBXBuildFile; fileRef = 08A519E9195A28B00073CBA7 /* Top_NavBG.png */; };
		08A51A82195A28B00073CBA7 /* Top_NavBG@2x.png in Resources */ = {isa = PBXBuildFile; fileRef = 08A519EA195A28B00073CBA7 /* Top_NavBG@2x.png */; };
		08A51A83195A28B00073CBA7 /* back-icon.png in Resources */ = {isa = PBXBuildFile; fileRef = 08A519EC195A28B00073CBA7 /* back-icon.png */; };
		08A51A84195A28B00073CBA7 /* back-icon@2x.png in Resources */ = {isa = PBXBuildFile; fileRef = 08A519ED195A28B00073CBA7 /* back-icon@2x.png */; };
		08A51A85195A28B00073CBA7 /* BG.png in Resources */ = {isa = PBXBuildFile; fileRef = 08A519EE195A28B00073CBA7 /* BG.png */; };
		08A51A86195A28B00073CBA7 /* BG@2x.png in Resources */ = {isa = PBXBuildFile; fileRef = 08A519EF195A28B00073CBA7 /* BG@2x.png */; };
		08A51A87195A28B00073CBA7 /* form.png in Resources */ = {isa = PBXBuildFile; fileRef = 08A519F0195A28B00073CBA7 /* form.png */; };
		08A51A88195A28B00073CBA7 /* form@2x.png in Resources */ = {isa = PBXBuildFile; fileRef = 08A519F1195A28B00073CBA7 /* form@2x.png */; };
		08A51A89195A28B00073CBA7 /* menu-icon.png in Resources */ = {isa = PBXBuildFile; fileRef = 08A519F2195A28B00073CBA7 /* menu-icon.png */; };
		08A51A8A195A28B00073CBA7 /* menu-icon@2x.png in Resources */ = {isa = PBXBuildFile; fileRef = 08A519F3195A28B00073CBA7 /* menu-icon@2x.png */; };
		08A51A8B195A28B00073CBA7 /* Send_Bar_BG.png in Resources */ = {isa = PBXBuildFile; fileRef = 08A519F4195A28B00073CBA7 /* Send_Bar_BG.png */; };
		08A51A8C195A28B00073CBA7 /* Send_Bar_BG@2x.png in Resources */ = {isa = PBXBuildFile; fileRef = 08A519F5195A28B00073CBA7 /* Send_Bar_BG@2x.png */; };
		08A51A8D195A28B00073CBA7 /* SettingIcon.png in Resources */ = {isa = PBXBuildFile; fileRef = 08A519F6195A28B00073CBA7 /* SettingIcon.png */; };
		08A51A8E195A28B00073CBA7 /* SettingIcon@2x.png in Resources */ = {isa = PBXBuildFile; fileRef = 08A519F7195A28B00073CBA7 /* SettingIcon@2x.png */; };
		08A51A8F195A28B00073CBA7 /* Top_NavBG.png in Resources */ = {isa = PBXBuildFile; fileRef = 08A519F8195A28B00073CBA7 /* Top_NavBG.png */; };
		08A51A90195A28B00073CBA7 /* Top_NavBG@2x.png in Resources */ = {isa = PBXBuildFile; fileRef = 08A519F9195A28B00073CBA7 /* Top_NavBG@2x.png */; };
		08A51A91195A28B00073CBA7 /* back-icon.png in Resources */ = {isa = PBXBuildFile; fileRef = 08A519FB195A28B00073CBA7 /* back-icon.png */; };
		08A51A92195A28B00073CBA7 /* back-icon@2x.png in Resources */ = {isa = PBXBuildFile; fileRef = 08A519FC195A28B00073CBA7 /* back-icon@2x.png */; };
		08A51A93195A28B00073CBA7 /* BG.png in Resources */ = {isa = PBXBuildFile; fileRef = 08A519FD195A28B00073CBA7 /* BG.png */; };
		08A51A94195A28B00073CBA7 /* BG@2x.png in Resources */ = {isa = PBXBuildFile; fileRef = 08A519FE195A28B00073CBA7 /* BG@2x.png */; };
		08A51A95195A28B00073CBA7 /* EditProfile.png in Resources */ = {isa = PBXBuildFile; fileRef = 08A519FF195A28B00073CBA7 /* EditProfile.png */; };
		08A51A96195A28B00073CBA7 /* EditProfile@2x.png in Resources */ = {isa = PBXBuildFile; fileRef = 08A51A00195A28B00073CBA7 /* EditProfile@2x.png */; };
		08A51A97195A28B00073CBA7 /* Logout.png in Resources */ = {isa = PBXBuildFile; fileRef = 08A51A01195A28B00073CBA7 /* Logout.png */; };
		08A51A98195A28B00073CBA7 /* Logout@2x.png in Resources */ = {isa = PBXBuildFile; fileRef = 08A51A02195A28B00073CBA7 /* Logout@2x.png */; };
		08A51A99195A28B00073CBA7 /* menu-icon.png in Resources */ = {isa = PBXBuildFile; fileRef = 08A51A03195A28B00073CBA7 /* menu-icon.png */; };
		08A51A9A195A28B00073CBA7 /* menu-icon@2x.png in Resources */ = {isa = PBXBuildFile; fileRef = 08A51A04195A28B00073CBA7 /* menu-icon@2x.png */; };
		08A51A9B195A28B00073CBA7 /* SettingIcon.png in Resources */ = {isa = PBXBuildFile; fileRef = 08A51A05195A28B00073CBA7 /* SettingIcon.png */; };
		08A51A9C195A28B00073CBA7 /* SettingIcon@2x.png in Resources */ = {isa = PBXBuildFile; fileRef = 08A51A06195A28B00073CBA7 /* SettingIcon@2x.png */; };
		08A51A9D195A28B00073CBA7 /* Top_NavBG.png in Resources */ = {isa = PBXBuildFile; fileRef = 08A51A07195A28B00073CBA7 /* Top_NavBG.png */; };
		08A51A9E195A28B00073CBA7 /* Top_NavBG@2x.png in Resources */ = {isa = PBXBuildFile; fileRef = 08A51A08195A28B00073CBA7 /* Top_NavBG@2x.png */; };
		08A51A9F195A28B00073CBA7 /* About_BG.png in Resources */ = {isa = PBXBuildFile; fileRef = 08A51A0A195A28B00073CBA7 /* About_BG.png */; };
		08A51AA0195A28B00073CBA7 /* About_BG@2x.png in Resources */ = {isa = PBXBuildFile; fileRef = 08A51A0B195A28B00073CBA7 /* About_BG@2x.png */; };
		08A51AA1195A28B00073CBA7 /* back-icon.png in Resources */ = {isa = PBXBuildFile; fileRef = 08A51A0C195A28B00073CBA7 /* back-icon.png */; };
		08A51AA2195A28B00073CBA7 /* back-icon@2x.png in Resources */ = {isa = PBXBuildFile; fileRef = 08A51A0D195A28B00073CBA7 /* back-icon@2x.png */; };
		08A51AA3195A28B00073CBA7 /* BG.png in Resources */ = {isa = PBXBuildFile; fileRef = 08A51A0E195A28B00073CBA7 /* BG.png */; };
		08A51AA4195A28B00073CBA7 /* BG@2x.png in Resources */ = {isa = PBXBuildFile; fileRef = 08A51A0F195A28B00073CBA7 /* BG@2x.png */; };
		08A51AA5195A28B00073CBA7 /* menu-icon.png in Resources */ = {isa = PBXBuildFile; fileRef = 08A51A10195A28B00073CBA7 /* menu-icon.png */; };
		08A51AA6195A28B00073CBA7 /* menu-icon@2x.png in Resources */ = {isa = PBXBuildFile; fileRef = 08A51A11195A28B00073CBA7 /* menu-icon@2x.png */; };
		08A51AA7195A28B00073CBA7 /* SettingIcon.png in Resources */ = {isa = PBXBuildFile; fileRef = 08A51A12195A28B00073CBA7 /* SettingIcon.png */; };
		08A51AA8195A28B00073CBA7 /* SettingIcon@2x.png in Resources */ = {isa = PBXBuildFile; fileRef = 08A51A13195A28B00073CBA7 /* SettingIcon@2x.png */; };
		08A51AA9195A28B00073CBA7 /* Top_NavBG.png in Resources */ = {isa = PBXBuildFile; fileRef = 08A51A14195A28B00073CBA7 /* Top_NavBG.png */; };
		08A51AAA195A28B00073CBA7 /* Top_NavBG@2x.png in Resources */ = {isa = PBXBuildFile; fileRef = 08A51A15195A28B00073CBA7 /* Top_NavBG@2x.png */; };
		08A51AAB195A28B00073CBA7 /* UserImage.png in Resources */ = {isa = PBXBuildFile; fileRef = 08A51A16195A28B00073CBA7 /* UserImage.png */; };
		08A51AAC195A28B00073CBA7 /* UserImage@2x.png in Resources */ = {isa = PBXBuildFile; fileRef = 08A51A17195A28B00073CBA7 /* UserImage@2x.png */; };
		08A51AAD195A28B00073CBA7 /* ChatNow_Icon.png in Resources */ = {isa = PBXBuildFile; fileRef = 08A51A19195A28B00073CBA7 /* ChatNow_Icon.png */; };
		08A51AAE195A28B00073CBA7 /* ChatNow_Icon@2x.png in Resources */ = {isa = PBXBuildFile; fileRef = 08A51A1A195A28B00073CBA7 /* ChatNow_Icon@2x.png */; };
		08A51AAF195A28B00073CBA7 /* Close-Button.png in Resources */ = {isa = PBXBuildFile; fileRef = 08A51A1B195A28B00073CBA7 /* Close-Button.png */; };
		08A51AB0195A28B00073CBA7 /* Close-Button@2x.png in Resources */ = {isa = PBXBuildFile; fileRef = 08A51A1C195A28B00073CBA7 /* Close-Button@2x.png */; };
		08A51AB1195A28B00073CBA7 /* back-icon.png in Resources */ = {isa = PBXBuildFile; fileRef = 08A51A1E195A28B00073CBA7 /* back-icon.png */; };
		08A51AB2195A28B00073CBA7 /* back-icon@2x.png in Resources */ = {isa = PBXBuildFile; fileRef = 08A51A1F195A28B00073CBA7 /* back-icon@2x.png */; };
		08A51AB3195A28B00073CBA7 /* ChatIcon.png in Resources */ = {isa = PBXBuildFile; fileRef = 08A51A20195A28B00073CBA7 /* ChatIcon.png */; };
		08A51AB4195A28B00073CBA7 /* ChatIcon@2x.png in Resources */ = {isa = PBXBuildFile; fileRef = 08A51A21195A28B00073CBA7 /* ChatIcon@2x.png */; };
		08A51AB5195A28B00073CBA7 /* SettingIcon.png in Resources */ = {isa = PBXBuildFile; fileRef = 08A51A22195A28B00073CBA7 /* SettingIcon.png */; };
		08A51AB6195A28B00073CBA7 /* SettingIcon@2x.png in Resources */ = {isa = PBXBuildFile; fileRef = 08A51A23195A28B00073CBA7 /* SettingIcon@2x.png */; };
		08A51AB7195A28B00073CBA7 /* 1024_icon-1-01.png in Resources */ = {isa = PBXBuildFile; fileRef = 08A51A26195A28B00073CBA7 /* 1024_icon-1-01.png */; };
		08A51AB8195A28B10073CBA7 /* Icon-72.png in Resources */ = {isa = PBXBuildFile; fileRef = 08A51A28195A28B00073CBA7 /* Icon-72.png */; };
		08A51AB9195A28B10073CBA7 /* Icon-72@2x.png in Resources */ = {isa = PBXBuildFile; fileRef = 08A51A29195A28B00073CBA7 /* Icon-72@2x.png */; };
		08A51ABA195A28B10073CBA7 /* Icon-Small-50.png in Resources */ = {isa = PBXBuildFile; fileRef = 08A51A2A195A28B00073CBA7 /* Icon-Small-50.png */; };
		08A51ABB195A28B10073CBA7 /* Icon-Small-50@2x.png in Resources */ = {isa = PBXBuildFile; fileRef = 08A51A2B195A28B00073CBA7 /* Icon-Small-50@2x.png */; };
		08A51ABC195A28B10073CBA7 /* Icon-Small.png in Resources */ = {isa = PBXBuildFile; fileRef = 08A51A2C195A28B00073CBA7 /* Icon-Small.png */; };
		08A51ABD195A28B10073CBA7 /* Icon-Small@2x.png in Resources */ = {isa = PBXBuildFile; fileRef = 08A51A2D195A28B00073CBA7 /* Icon-Small@2x.png */; };
		08A51ABE195A28B10073CBA7 /* Icon.png in Resources */ = {isa = PBXBuildFile; fileRef = 08A51A2E195A28B00073CBA7 /* Icon.png */; };
		08A51ABF195A28B10073CBA7 /* Icon@2x.png in Resources */ = {isa = PBXBuildFile; fileRef = 08A51A2F195A28B00073CBA7 /* Icon@2x.png */; };
		08A51AC0195A28B10073CBA7 /* iTunesArtwork.png in Resources */ = {isa = PBXBuildFile; fileRef = 08A51A30195A28B00073CBA7 /* iTunesArtwork.png */; };
		08A51AC1195A28B10073CBA7 /* iTunesArtwork@2x.png in Resources */ = {isa = PBXBuildFile; fileRef = 08A51A31195A28B00073CBA7 /* iTunesArtwork@2x.png */; };
		08A51AC2195A28B10073CBA7 /* Icon-40.png in Resources */ = {isa = PBXBuildFile; fileRef = 08A51A33195A28B00073CBA7 /* Icon-40.png */; };
		08A51AC3195A28B10073CBA7 /* Icon-40@2x.png in Resources */ = {isa = PBXBuildFile; fileRef = 08A51A34195A28B00073CBA7 /* Icon-40@2x.png */; };
		08A51AC4195A28B10073CBA7 /* Icon-60.png in Resources */ = {isa = PBXBuildFile; fileRef = 08A51A35195A28B00073CBA7 /* Icon-60.png */; };
		08A51AC5195A28B10073CBA7 /* Icon-60@2x.png in Resources */ = {isa = PBXBuildFile; fileRef = 08A51A36195A28B00073CBA7 /* Icon-60@2x.png */; };
		08A51AC6195A28B10073CBA7 /* Icon-72.png in Resources */ = {isa = PBXBuildFile; fileRef = 08A51A37195A28B00073CBA7 /* Icon-72.png */; };
		08A51AC7195A28B10073CBA7 /* Icon-72@2x.png in Resources */ = {isa = PBXBuildFile; fileRef = 08A51A38195A28B00073CBA7 /* Icon-72@2x.png */; };
		08A51AC8195A28B10073CBA7 /* Icon-76.png in Resources */ = {isa = PBXBuildFile; fileRef = 08A51A39195A28B00073CBA7 /* Icon-76.png */; };
		08A51AC9195A28B10073CBA7 /* Icon-76@2x.png in Resources */ = {isa = PBXBuildFile; fileRef = 08A51A3A195A28B00073CBA7 /* Icon-76@2x.png */; };
		08A51ACA195A28B10073CBA7 /* Icon-Small-50.png in Resources */ = {isa = PBXBuildFile; fileRef = 08A51A3B195A28B00073CBA7 /* Icon-Small-50.png */; };
		08A51ACB195A28B10073CBA7 /* Icon-Small-50@2x.png in Resources */ = {isa = PBXBuildFile; fileRef = 08A51A3C195A28B00073CBA7 /* Icon-Small-50@2x.png */; };
		08A51ACC195A28B10073CBA7 /* Icon-Small.png in Resources */ = {isa = PBXBuildFile; fileRef = 08A51A3D195A28B00073CBA7 /* Icon-Small.png */; };
		08A51ACD195A28B10073CBA7 /* Icon-Small@2x.png in Resources */ = {isa = PBXBuildFile; fileRef = 08A51A3E195A28B00073CBA7 /* Icon-Small@2x.png */; };
		08A51ACE195A28B10073CBA7 /* Icon.png in Resources */ = {isa = PBXBuildFile; fileRef = 08A51A3F195A28B00073CBA7 /* Icon.png */; };
		08A51ACF195A28B10073CBA7 /* Icon@2x.png in Resources */ = {isa = PBXBuildFile; fileRef = 08A51A40195A28B00073CBA7 /* Icon@2x.png */; };
		08A51AD0195A28B10073CBA7 /* iTunesArtwork.png in Resources */ = {isa = PBXBuildFile; fileRef = 08A51A41195A28B00073CBA7 /* iTunesArtwork.png */; };
		08A51AD1195A28B10073CBA7 /* iTunesArtwork@2x.png in Resources */ = {isa = PBXBuildFile; fileRef = 08A51A42195A28B00073CBA7 /* iTunesArtwork@2x.png */; };
		08A51AD8195A2C9E0073CBA7 /* BG.png in Resources */ = {isa = PBXBuildFile; fileRef = 08A51AD4195A2C9E0073CBA7 /* BG.png */; };
		08A51AD9195A2C9E0073CBA7 /* BG@2x.png in Resources */ = {isa = PBXBuildFile; fileRef = 08A51AD5195A2C9E0073CBA7 /* BG@2x.png */; };
		08A51ADA195A2C9E0073CBA7 /* BG.png in Resources */ = {isa = PBXBuildFile; fileRef = 08A51AD6195A2C9E0073CBA7 /* BG.png */; };
		08A51ADB195A2C9E0073CBA7 /* BG@2x.png in Resources */ = {isa = PBXBuildFile; fileRef = 08A51AD7195A2C9E0073CBA7 /* BG@2x.png */; };
		08A51ADF195B51880073CBA7 /* MSTransitionAnimator.m in Sources */ = {isa = PBXBuildFile; fileRef = 08A51ADE195B51880073CBA7 /* MSTransitionAnimator.m */; };
		08CAFC2F1946599600B83B52 /* MSHomeViewController.m in Sources */ = {isa = PBXBuildFile; fileRef = 08CAFC2E1946599600B83B52 /* MSHomeViewController.m */; };
		08CAFC33194661C300B83B52 /* MSSettingsViewController.m in Sources */ = {isa = PBXBuildFile; fileRef = 08CAFC32194661C300B83B52 /* MSSettingsViewController.m */; };
		08CAFC371946649000B83B52 /* MSEditProfileViewController.m in Sources */ = {isa = PBXBuildFile; fileRef = 08CAFC361946649000B83B52 /* MSEditProfileViewController.m */; };
		08CAFC3B1946676E00B83B52 /* MSProfileViewController.m in Sources */ = {isa = PBXBuildFile; fileRef = 08CAFC3A1946676E00B83B52 /* MSProfileViewController.m */; };
		08CAFCF3194A735700B83B52 /* MSTestUser.m in Sources */ = {isa = PBXBuildFile; fileRef = 08CAFCF2194A735700B83B52 /* MSTestUser.m */; };
		08CAFCF9194A746B00B83B52 /* Haberdash.jpg in Resources */ = {isa = PBXBuildFile; fileRef = 08CAFCF8194A746B00B83B52 /* Haberdash.jpg */; };
		08CF2154193E5883009248A1 /* Foundation.framework in Frameworks */ = {isa = PBXBuildFile; fileRef = 08CF2153193E5883009248A1 /* Foundation.framework */; };
		08CF2156193E5883009248A1 /* CoreGraphics.framework in Frameworks */ = {isa = PBXBuildFile; fileRef = 08CF2155193E5883009248A1 /* CoreGraphics.framework */; };
		08CF2158193E5883009248A1 /* UIKit.framework in Frameworks */ = {isa = PBXBuildFile; fileRef = 08CF2157193E5883009248A1 /* UIKit.framework */; };
		08CF215E193E5883009248A1 /* InfoPlist.strings in Resources */ = {isa = PBXBuildFile; fileRef = 08CF215C193E5883009248A1 /* InfoPlist.strings */; };
		08CF2160193E5883009248A1 /* main.m in Sources */ = {isa = PBXBuildFile; fileRef = 08CF215F193E5883009248A1 /* main.m */; };
		08CF2164193E5883009248A1 /* MSAppDelegate.m in Sources */ = {isa = PBXBuildFile; fileRef = 08CF2163193E5883009248A1 /* MSAppDelegate.m */; };
		08CF2167193E5883009248A1 /* Main.storyboard in Resources */ = {isa = PBXBuildFile; fileRef = 08CF2165193E5883009248A1 /* Main.storyboard */; };
		08CF216F193E5883009248A1 /* Images.xcassets in Resources */ = {isa = PBXBuildFile; fileRef = 08CF216E193E5883009248A1 /* Images.xcassets */; };
		08CF2176193E5883009248A1 /* XCTest.framework in Frameworks */ = {isa = PBXBuildFile; fileRef = 08CF2175193E5883009248A1 /* XCTest.framework */; };
		08CF2177193E5883009248A1 /* Foundation.framework in Frameworks */ = {isa = PBXBuildFile; fileRef = 08CF2153193E5883009248A1 /* Foundation.framework */; };
		08CF2178193E5883009248A1 /* UIKit.framework in Frameworks */ = {isa = PBXBuildFile; fileRef = 08CF2157193E5883009248A1 /* UIKit.framework */; };
		08CF2180193E5883009248A1 /* InfoPlist.strings in Resources */ = {isa = PBXBuildFile; fileRef = 08CF217E193E5883009248A1 /* InfoPlist.strings */; };
		08CF2182193E5883009248A1 /* Matched_UpTests.m in Sources */ = {isa = PBXBuildFile; fileRef = 08CF2181193E5883009248A1 /* Matched_UpTests.m */; };
		08CF218D193E592D009248A1 /* MSLoginViewController.m in Sources */ = {isa = PBXBuildFile; fileRef = 08CF218C193E592D009248A1 /* MSLoginViewController.m */; };
		08EAEF4B193FDDBB00805776 /* MSConstants.m in Sources */ = {isa = PBXBuildFile; fileRef = 08EAEF4A193FDDBB00805776 /* MSConstants.m */; };
		DDA96348CF204B18A78B57CD /* libPods.a in Frameworks */ = {isa = PBXBuildFile; fileRef = EC4847EB2DA945AB9D236C62 /* libPods.a */; };
/* End PBXBuildFile section */

/* Begin PBXContainerItemProxy section */
		08CF2179193E5883009248A1 /* PBXContainerItemProxy */ = {
			isa = PBXContainerItemProxy;
			containerPortal = 08CF2148193E5883009248A1 /* Project object */;
			proxyType = 1;
			remoteGlobalIDString = 08CF214F193E5883009248A1;
			remoteInfo = "Matched Up";
		};
/* End PBXContainerItemProxy section */

/* Begin PBXFileReference section */
		0840B76B1954AC9D008E6D3C /* MSChatViewController.h */ = {isa = PBXFileReference; fileEncoding = 4; lastKnownFileType = sourcecode.c.h; path = MSChatViewController.h; sourceTree = "<group>"; };
		0840B76C1954AC9D008E6D3C /* MSChatViewController.m */ = {isa = PBXFileReference; fileEncoding = 4; lastKnownFileType = sourcecode.c.objc; path = MSChatViewController.m; sourceTree = "<group>"; };
		084A5F04195350BE008EB2CA /* MSMatchViewController.h */ = {isa = PBXFileReference; fileEncoding = 4; lastKnownFileType = sourcecode.c.h; path = MSMatchViewController.h; sourceTree = "<group>"; };
		084A5F05195350BE008EB2CA /* MSMatchViewController.m */ = {isa = PBXFileReference; fileEncoding = 4; lastKnownFileType = sourcecode.c.objc; path = MSMatchViewController.m; sourceTree = "<group>"; };
		084A5F081953AB70008EB2CA /* MSMatchesViewController.h */ = {isa = PBXFileReference; fileEncoding = 4; lastKnownFileType = sourcecode.c.h; path = MSMatchesViewController.h; sourceTree = "<group>"; };
		084A5F091953AB70008EB2CA /* MSMatchesViewController.m */ = {isa = PBXFileReference; fileEncoding = 4; lastKnownFileType = sourcecode.c.objc; path = MSMatchesViewController.m; sourceTree = "<group>"; };
		08A519A4195A02FC0073CBA7 /* defaultPrefsFile.plist */ = {isa = PBXFileReference; fileEncoding = 4; lastKnownFileType = text.plist.xml; path = defaultPrefsFile.plist; sourceTree = "<group>"; };
		08A519A8195A28B00073CBA7 /* Facebook.png */ = {isa = PBXFileReference; lastKnownFileType = image.png; path = Facebook.png; sourceTree = "<group>"; };
		08A519A9195A28B00073CBA7 /* Facebook@2x.png */ = {isa = PBXFileReference; lastKnownFileType = image.png; path = "Facebook@2x.png"; sourceTree = "<group>"; };
		08A519AA195A28B00073CBA7 /* Logo.png */ = {isa = PBXFileReference; lastKnownFileType = image.png; path = Logo.png; sourceTree = "<group>"; };
		08A519AB195A28B00073CBA7 /* Logo@2x.png */ = {isa = PBXFileReference; lastKnownFileType = image.png; path = "Logo@2x.png"; sourceTree = "<group>"; };
		08A519AD195A28B00073CBA7 /* BG.png */ = {isa = PBXFileReference; lastKnownFileType = image.png; path = BG.png; sourceTree = "<group>"; };
		08A519AE195A28B00073CBA7 /* BG@2x.png */ = {isa = PBXFileReference; lastKnownFileType = image.png; path = "BG@2x.png"; sourceTree = "<group>"; };
		08A519AF195A28B00073CBA7 /* ChatIcon.png */ = {isa = PBXFileReference; lastKnownFileType = image.png; path = ChatIcon.png; sourceTree = "<group>"; };
		08A519B0195A28B00073CBA7 /* ChatIcon@2x.png */ = {isa = PBXFileReference; lastKnownFileType = image.png; path = "ChatIcon@2x.png"; sourceTree = "<group>"; };
		08A519B1195A28B00073CBA7 /* DislikeIcon.png */ = {isa = PBXFileReference; lastKnownFileType = image.png; path = DislikeIcon.png; sourceTree = "<group>"; };
		08A519B2195A28B00073CBA7 /* DislikeIcon@2x.png */ = {isa = PBXFileReference; lastKnownFileType = image.png; path = "DislikeIcon@2x.png"; sourceTree = "<group>"; };
		08A519B3195A28B00073CBA7 /* InfoIcon.png */ = {isa = PBXFileReference; lastKnownFileType = image.png; path = InfoIcon.png; sourceTree = "<group>"; };
		08A519B4195A28B00073CBA7 /* InfoIcon@2x.png */ = {isa = PBXFileReference; lastKnownFileType = image.png; path = "InfoIcon@2x.png"; sourceTree = "<group>"; };
		08A519B5195A28B00073CBA7 /* LikeIcon.png */ = {isa = PBXFileReference; lastKnownFileType = image.png; path = LikeIcon.png; sourceTree = "<group>"; };
		08A519B6195A28B00073CBA7 /* LikeIcon@2x.png */ = {isa = PBXFileReference; lastKnownFileType = image.png; path = "LikeIcon@2x.png"; sourceTree = "<group>"; };
		08A519B7195A28B00073CBA7 /* Matched-Up.png */ = {isa = PBXFileReference; lastKnownFileType = image.png; path = "Matched-Up.png"; sourceTree = "<group>"; };
		08A519B8195A28B00073CBA7 /* Matched-Up@2x.png */ = {isa = PBXFileReference; lastKnownFileType = image.png; path = "Matched-Up@2x.png"; sourceTree = "<group>"; };
		08A519B9195A28B00073CBA7 /* SettingIcon.png */ = {isa = PBXFileReference; lastKnownFileType = image.png; path = SettingIcon.png; sourceTree = "<group>"; };
		08A519BA195A28B00073CBA7 /* SettingIcon@2x.png */ = {isa = PBXFileReference; lastKnownFileType = image.png; path = "SettingIcon@2x.png"; sourceTree = "<group>"; };
		08A519BB195A28B00073CBA7 /* Top_NavBG.png */ = {isa = PBXFileReference; lastKnownFileType = image.png; path = Top_NavBG.png; sourceTree = "<group>"; };
		08A519BC195A28B00073CBA7 /* Top_NavBG@2x.png */ = {isa = PBXFileReference; lastKnownFileType = image.png; path = "Top_NavBG@2x.png"; sourceTree = "<group>"; };
		08A519BD195A28B00073CBA7 /* User_Image.png */ = {isa = PBXFileReference; lastKnownFileType = image.png; path = User_Image.png; sourceTree = "<group>"; };
		08A519BE195A28B00073CBA7 /* User_Image@2x.png */ = {isa = PBXFileReference; lastKnownFileType = image.png; path = "User_Image@2x.png"; sourceTree = "<group>"; };
		08A519BF195A28B00073CBA7 /* VP_BG.png */ = {isa = PBXFileReference; lastKnownFileType = image.png; path = VP_BG.png; sourceTree = "<group>"; };
		08A519C0195A28B00073CBA7 /* VP_BG@2x.png */ = {isa = PBXFileReference; lastKnownFileType = image.png; path = "VP_BG@2x.png"; sourceTree = "<group>"; };
		08A519C2195A28B00073CBA7 /* About_BG.png */ = {isa = PBXFileReference; lastKnownFileType = image.png; path = About_BG.png; sourceTree = "<group>"; };
		08A519C3195A28B00073CBA7 /* About_BG@2x.png */ = {isa = PBXFileReference; lastKnownFileType = image.png; path = "About_BG@2x.png"; sourceTree = "<group>"; };
		08A519C4195A28B00073CBA7 /* AgeIcon.png */ = {isa = PBXFileReference; lastKnownFileType = image.png; path = AgeIcon.png; sourceTree = "<group>"; };
		08A519C5195A28B00073CBA7 /* AgeIcon@2x.png */ = {isa = PBXFileReference; lastKnownFileType = image.png; path = "AgeIcon@2x.png"; sourceTree = "<group>"; };
		08A519C6195A28B00073CBA7 /* BG.png */ = {isa = PBXFileReference; lastKnownFileType = image.png; path = BG.png; sourceTree = "<group>"; };
		08A519C7195A28B00073CBA7 /* BG@2x.png */ = {isa = PBXFileReference; lastKnownFileType = image.png; path = "BG@2x.png"; sourceTree = "<group>"; };
		08A519C8195A28B00073CBA7 /* ChatIcon.png */ = {isa = PBXFileReference; lastKnownFileType = image.png; path = ChatIcon.png; sourceTree = "<group>"; };
		08A519C9195A28B00073CBA7 /* ChatIcon@2x.png */ = {isa = PBXFileReference; lastKnownFileType = image.png; path = "ChatIcon@2x.png"; sourceTree = "<group>"; };
		08A519CA195A28B00073CBA7 /* DislikeIcon.png */ = {isa = PBXFileReference; lastKnownFileType = image.png; path = DislikeIcon.png; sourceTree = "<group>"; };
		08A519CB195A28B00073CBA7 /* DislikeIcon@2x.png */ = {isa = PBXFileReference; lastKnownFileType = image.png; path = "DislikeIcon@2x.png"; sourceTree = "<group>"; };
		08A519CC195A28B00073CBA7 /* InfoIcon.png */ = {isa = PBXFileReference; lastKnownFileType = image.png; path = InfoIcon.png; sourceTree = "<group>"; };
		08A519CD195A28B00073CBA7 /* InfoIcon@2x.png */ = {isa = PBXFileReference; lastKnownFileType = image.png; path = "InfoIcon@2x.png"; sourceTree = "<group>"; };
		08A519CE195A28B00073CBA7 /* LikeIcon.png */ = {isa = PBXFileReference; lastKnownFileType = image.png; path = LikeIcon.png; sourceTree = "<group>"; };
		08A519CF195A28B00073CBA7 /* LikeIcon@2x.png */ = {isa = PBXFileReference; lastKnownFileType = image.png; path = "LikeIcon@2x.png"; sourceTree = "<group>"; };
		08A519D0195A28B00073CBA7 /* location.png */ = {isa = PBXFileReference; lastKnownFileType = image.png; path = location.png; sourceTree = "<group>"; };
		08A519D1195A28B00073CBA7 /* location@2x.png */ = {isa = PBXFileReference; lastKnownFileType = image.png; path = "location@2x.png"; sourceTree = "<group>"; };
		08A519D2195A28B00073CBA7 /* NameAgeStatusBar.png */ = {isa = PBXFileReference; lastKnownFileType = image.png; path = NameAgeStatusBar.png; sourceTree = "<group>"; };
		08A519D3195A28B00073CBA7 /* NameAgeStatusBar@2x.png */ = {isa = PBXFileReference; lastKnownFileType = image.png; path = "NameAgeStatusBar@2x.png"; sourceTree = "<group>"; };
		08A519D4195A28B00073CBA7 /* SettingIcon.png */ = {isa = PBXFileReference; lastKnownFileType = image.png; path = SettingIcon.png; sourceTree = "<group>"; };
		08A519D5195A28B00073CBA7 /* SettingIcon@2x.png */ = {isa = PBXFileReference; lastKnownFileType = image.png; path = "SettingIcon@2x.png"; sourceTree = "<group>"; };
		08A519D6195A28B00073CBA7 /* Single.png */ = {isa = PBXFileReference; lastKnownFileType = image.png; path = Single.png; sourceTree = "<group>"; };
		08A519D7195A28B00073CBA7 /* Single@2x.png */ = {isa = PBXFileReference; lastKnownFileType = image.png; path = "Single@2x.png"; sourceTree = "<group>"; };
		08A519D8195A28B00073CBA7 /* StatusIcon.png */ = {isa = PBXFileReference; lastKnownFileType = image.png; path = StatusIcon.png; sourceTree = "<group>"; };
		08A519D9195A28B00073CBA7 /* StatusIcon@2x.png */ = {isa = PBXFileReference; lastKnownFileType = image.png; path = "StatusIcon@2x.png"; sourceTree = "<group>"; };
		08A519DA195A28B00073CBA7 /* UserImage.png */ = {isa = PBXFileReference; lastKnownFileType = image.png; path = UserImage.png; sourceTree = "<group>"; };
		08A519DB195A28B00073CBA7 /* UserImage@2x.png */ = {isa = PBXFileReference; lastKnownFileType = image.png; path = "UserImage@2x.png"; sourceTree = "<group>"; };
		08A519DC195A28B00073CBA7 /* VP_BG.png */ = {isa = PBXFileReference; lastKnownFileType = image.png; path = VP_BG.png; sourceTree = "<group>"; };
		08A519DD195A28B00073CBA7 /* VP_BG@2x.png */ = {isa = PBXFileReference; lastKnownFileType = image.png; path = "VP_BG@2x.png"; sourceTree = "<group>"; };
		08A519DF195A28B00073CBA7 /* back-icon.png */ = {isa = PBXFileReference; lastKnownFileType = image.png; path = "back-icon.png"; sourceTree = "<group>"; };
		08A519E0195A28B00073CBA7 /* back-icon@2x.png */ = {isa = PBXFileReference; lastKnownFileType = image.png; path = "back-icon@2x.png"; sourceTree = "<group>"; };
		08A519E1195A28B00073CBA7 /* BG.png */ = {isa = PBXFileReference; lastKnownFileType = image.png; path = BG.png; sourceTree = "<group>"; };
		08A519E2195A28B00073CBA7 /* BG@2x.png */ = {isa = PBXFileReference; lastKnownFileType = image.png; path = "BG@2x.png"; sourceTree = "<group>"; };
		08A519E3195A28B00073CBA7 /* Chat_user.png */ = {isa = PBXFileReference; lastKnownFileType = image.png; path = Chat_user.png; sourceTree = "<group>"; };
		08A519E4195A28B00073CBA7 /* Chat_user@2x.png */ = {isa = PBXFileReference; lastKnownFileType = image.png; path = "Chat_user@2x.png"; sourceTree = "<group>"; };
		08A519E5195A28B00073CBA7 /* menu-icon.png */ = {isa = PBXFileReference; lastKnownFileType = image.png; path = "menu-icon.png"; sourceTree = "<group>"; };
		08A519E6195A28B00073CBA7 /* menu-icon@2x.png */ = {isa = PBXFileReference; lastKnownFileType = image.png; path = "menu-icon@2x.png"; sourceTree = "<group>"; };
		08A519E7195A28B00073CBA7 /* SettingIcon.png */ = {isa = PBXFileReference; lastKnownFileType = image.png; path = SettingIcon.png; sourceTree = "<group>"; };
		08A519E8195A28B00073CBA7 /* SettingIcon@2x.png */ = {isa = PBXFileReference; lastKnownFileType = image.png; path = "SettingIcon@2x.png"; sourceTree = "<group>"; };
		08A519E9195A28B00073CBA7 /* Top_NavBG.png */ = {isa = PBXFileReference; lastKnownFileType = image.png; path = Top_NavBG.png; sourceTree = "<group>"; };
		08A519EA195A28B00073CBA7 /* Top_NavBG@2x.png */ = {isa = PBXFileReference; lastKnownFileType = image.png; path = "Top_NavBG@2x.png"; sourceTree = "<group>"; };
		08A519EC195A28B00073CBA7 /* back-icon.png */ = {isa = PBXFileReference; lastKnownFileType = image.png; path = "back-icon.png"; sourceTree = "<group>"; };
		08A519ED195A28B00073CBA7 /* back-icon@2x.png */ = {isa = PBXFileReference; lastKnownFileType = image.png; path = "back-icon@2x.png"; sourceTree = "<group>"; };
		08A519EE195A28B00073CBA7 /* BG.png */ = {isa = PBXFileReference; lastKnownFileType = image.png; path = BG.png; sourceTree = "<group>"; };
		08A519EF195A28B00073CBA7 /* BG@2x.png */ = {isa = PBXFileReference; lastKnownFileType = image.png; path = "BG@2x.png"; sourceTree = "<group>"; };
		08A519F0195A28B00073CBA7 /* form.png */ = {isa = PBXFileReference; lastKnownFileType = image.png; path = form.png; sourceTree = "<group>"; };
		08A519F1195A28B00073CBA7 /* form@2x.png */ = {isa = PBXFileReference; lastKnownFileType = image.png; path = "form@2x.png"; sourceTree = "<group>"; };
		08A519F2195A28B00073CBA7 /* menu-icon.png */ = {isa = PBXFileReference; lastKnownFileType = image.png; path = "menu-icon.png"; sourceTree = "<group>"; };
		08A519F3195A28B00073CBA7 /* menu-icon@2x.png */ = {isa = PBXFileReference; lastKnownFileType = image.png; path = "menu-icon@2x.png"; sourceTree = "<group>"; };
		08A519F4195A28B00073CBA7 /* Send_Bar_BG.png */ = {isa = PBXFileReference; lastKnownFileType = image.png; path = Send_Bar_BG.png; sourceTree = "<group>"; };
		08A519F5195A28B00073CBA7 /* Send_Bar_BG@2x.png */ = {isa = PBXFileReference; lastKnownFileType = image.png; path = "Send_Bar_BG@2x.png"; sourceTree = "<group>"; };
		08A519F6195A28B00073CBA7 /* SettingIcon.png */ = {isa = PBXFileReference; lastKnownFileType = image.png; path = SettingIcon.png; sourceTree = "<group>"; };
		08A519F7195A28B00073CBA7 /* SettingIcon@2x.png */ = {isa = PBXFileReference; lastKnownFileType = image.png; path = "SettingIcon@2x.png"; sourceTree = "<group>"; };
		08A519F8195A28B00073CBA7 /* Top_NavBG.png */ = {isa = PBXFileReference; lastKnownFileType = image.png; path = Top_NavBG.png; sourceTree = "<group>"; };
		08A519F9195A28B00073CBA7 /* Top_NavBG@2x.png */ = {isa = PBXFileReference; lastKnownFileType = image.png; path = "Top_NavBG@2x.png"; sourceTree = "<group>"; };
		08A519FB195A28B00073CBA7 /* back-icon.png */ = {isa = PBXFileReference; lastKnownFileType = image.png; path = "back-icon.png"; sourceTree = "<group>"; };
		08A519FC195A28B00073CBA7 /* back-icon@2x.png */ = {isa = PBXFileReference; lastKnownFileType = image.png; path = "back-icon@2x.png"; sourceTree = "<group>"; };
		08A519FD195A28B00073CBA7 /* BG.png */ = {isa = PBXFileReference; lastKnownFileType = image.png; path = BG.png; sourceTree = "<group>"; };
		08A519FE195A28B00073CBA7 /* BG@2x.png */ = {isa = PBXFileReference; lastKnownFileType = image.png; path = "BG@2x.png"; sourceTree = "<group>"; };
		08A519FF195A28B00073CBA7 /* EditProfile.png */ = {isa = PBXFileReference; lastKnownFileType = image.png; path = EditProfile.png; sourceTree = "<group>"; };
		08A51A00195A28B00073CBA7 /* EditProfile@2x.png */ = {isa = PBXFileReference; lastKnownFileType = image.png; path = "EditProfile@2x.png"; sourceTree = "<group>"; };
		08A51A01195A28B00073CBA7 /* Logout.png */ = {isa = PBXFileReference; lastKnownFileType = image.png; path = Logout.png; sourceTree = "<group>"; };
		08A51A02195A28B00073CBA7 /* Logout@2x.png */ = {isa = PBXFileReference; lastKnownFileType = image.png; path = "Logout@2x.png"; sourceTree = "<group>"; };
		08A51A03195A28B00073CBA7 /* menu-icon.png */ = {isa = PBXFileReference; lastKnownFileType = image.png; path = "menu-icon.png"; sourceTree = "<group>"; };
		08A51A04195A28B00073CBA7 /* menu-icon@2x.png */ = {isa = PBXFileReference; lastKnownFileType = image.png; path = "menu-icon@2x.png"; sourceTree = "<group>"; };
		08A51A05195A28B00073CBA7 /* SettingIcon.png */ = {isa = PBXFileReference; lastKnownFileType = image.png; path = SettingIcon.png; sourceTree = "<group>"; };
		08A51A06195A28B00073CBA7 /* SettingIcon@2x.png */ = {isa = PBXFileReference; lastKnownFileType = image.png; path = "SettingIcon@2x.png"; sourceTree = "<group>"; };
		08A51A07195A28B00073CBA7 /* Top_NavBG.png */ = {isa = PBXFileReference; lastKnownFileType = image.png; path = Top_NavBG.png; sourceTree = "<group>"; };
		08A51A08195A28B00073CBA7 /* Top_NavBG@2x.png */ = {isa = PBXFileReference; lastKnownFileType = image.png; path = "Top_NavBG@2x.png"; sourceTree = "<group>"; };
		08A51A0A195A28B00073CBA7 /* About_BG.png */ = {isa = PBXFileReference; lastKnownFileType = image.png; path = About_BG.png; sourceTree = "<group>"; };
		08A51A0B195A28B00073CBA7 /* About_BG@2x.png */ = {isa = PBXFileReference; lastKnownFileType = image.png; path = "About_BG@2x.png"; sourceTree = "<group>"; };
		08A51A0C195A28B00073CBA7 /* back-icon.png */ = {isa = PBXFileReference; lastKnownFileType = image.png; path = "back-icon.png"; sourceTree = "<group>"; };
		08A51A0D195A28B00073CBA7 /* back-icon@2x.png */ = {isa = PBXFileReference; lastKnownFileType = image.png; path = "back-icon@2x.png"; sourceTree = "<group>"; };
		08A51A0E195A28B00073CBA7 /* BG.png */ = {isa = PBXFileReference; lastKnownFileType = image.png; path = BG.png; sourceTree = "<group>"; };
		08A51A0F195A28B00073CBA7 /* BG@2x.png */ = {isa = PBXFileReference; lastKnownFileType = image.png; path = "BG@2x.png"; sourceTree = "<group>"; };
		08A51A10195A28B00073CBA7 /* menu-icon.png */ = {isa = PBXFileReference; lastKnownFileType = image.png; path = "menu-icon.png"; sourceTree = "<group>"; };
		08A51A11195A28B00073CBA7 /* menu-icon@2x.png */ = {isa = PBXFileReference; lastKnownFileType = image.png; path = "menu-icon@2x.png"; sourceTree = "<group>"; };
		08A51A12195A28B00073CBA7 /* SettingIcon.png */ = {isa = PBXFileReference; lastKnownFileType = image.png; path = SettingIcon.png; sourceTree = "<group>"; };
		08A51A13195A28B00073CBA7 /* SettingIcon@2x.png */ = {isa = PBXFileReference; lastKnownFileType = image.png; path = "SettingIcon@2x.png"; sourceTree = "<group>"; };
		08A51A14195A28B00073CBA7 /* Top_NavBG.png */ = {isa = PBXFileReference; lastKnownFileType = image.png; path = Top_NavBG.png; sourceTree = "<group>"; };
		08A51A15195A28B00073CBA7 /* Top_NavBG@2x.png */ = {isa = PBXFileReference; lastKnownFileType = image.png; path = "Top_NavBG@2x.png"; sourceTree = "<group>"; };
		08A51A16195A28B00073CBA7 /* UserImage.png */ = {isa = PBXFileReference; lastKnownFileType = image.png; path = UserImage.png; sourceTree = "<group>"; };
		08A51A17195A28B00073CBA7 /* UserImage@2x.png */ = {isa = PBXFileReference; lastKnownFileType = image.png; path = "UserImage@2x.png"; sourceTree = "<group>"; };
		08A51A19195A28B00073CBA7 /* ChatNow_Icon.png */ = {isa = PBXFileReference; lastKnownFileType = image.png; path = ChatNow_Icon.png; sourceTree = "<group>"; };
		08A51A1A195A28B00073CBA7 /* ChatNow_Icon@2x.png */ = {isa = PBXFileReference; lastKnownFileType = image.png; path = "ChatNow_Icon@2x.png"; sourceTree = "<group>"; };
		08A51A1B195A28B00073CBA7 /* Close-Button.png */ = {isa = PBXFileReference; lastKnownFileType = image.png; path = "Close-Button.png"; sourceTree = "<group>"; };
		08A51A1C195A28B00073CBA7 /* Close-Button@2x.png */ = {isa = PBXFileReference; lastKnownFileType = image.png; path = "Close-Button@2x.png"; sourceTree = "<group>"; };
		08A51A1E195A28B00073CBA7 /* back-icon.png */ = {isa = PBXFileReference; lastKnownFileType = image.png; path = "back-icon.png"; sourceTree = "<group>"; };
		08A51A1F195A28B00073CBA7 /* back-icon@2x.png */ = {isa = PBXFileReference; lastKnownFileType = image.png; path = "back-icon@2x.png"; sourceTree = "<group>"; };
		08A51A20195A28B00073CBA7 /* ChatIcon.png */ = {isa = PBXFileReference; lastKnownFileType = image.png; path = ChatIcon.png; sourceTree = "<group>"; };
		08A51A21195A28B00073CBA7 /* ChatIcon@2x.png */ = {isa = PBXFileReference; lastKnownFileType = image.png; path = "ChatIcon@2x.png"; sourceTree = "<group>"; };
		08A51A22195A28B00073CBA7 /* SettingIcon.png */ = {isa = PBXFileReference; lastKnownFileType = image.png; path = SettingIcon.png; sourceTree = "<group>"; };
		08A51A23195A28B00073CBA7 /* SettingIcon@2x.png */ = {isa = PBXFileReference; lastKnownFileType = image.png; path = "SettingIcon@2x.png"; sourceTree = "<group>"; };
		08A51A26195A28B00073CBA7 /* 1024_icon-1-01.png */ = {isa = PBXFileReference; lastKnownFileType = image.png; path = "1024_icon-1-01.png"; sourceTree = "<group>"; };
		08A51A28195A28B00073CBA7 /* Icon-72.png */ = {isa = PBXFileReference; lastKnownFileType = image.png; path = "Icon-72.png"; sourceTree = "<group>"; };
		08A51A29195A28B00073CBA7 /* Icon-72@2x.png */ = {isa = PBXFileReference; lastKnownFileType = image.png; path = "Icon-72@2x.png"; sourceTree = "<group>"; };
		08A51A2A195A28B00073CBA7 /* Icon-Small-50.png */ = {isa = PBXFileReference; lastKnownFileType = image.png; path = "Icon-Small-50.png"; sourceTree = "<group>"; };
		08A51A2B195A28B00073CBA7 /* Icon-Small-50@2x.png */ = {isa = PBXFileReference; lastKnownFileType = image.png; path = "Icon-Small-50@2x.png"; sourceTree = "<group>"; };
		08A51A2C195A28B00073CBA7 /* Icon-Small.png */ = {isa = PBXFileReference; lastKnownFileType = image.png; path = "Icon-Small.png"; sourceTree = "<group>"; };
		08A51A2D195A28B00073CBA7 /* Icon-Small@2x.png */ = {isa = PBXFileReference; lastKnownFileType = image.png; path = "Icon-Small@2x.png"; sourceTree = "<group>"; };
		08A51A2E195A28B00073CBA7 /* Icon.png */ = {isa = PBXFileReference; lastKnownFileType = image.png; path = Icon.png; sourceTree = "<group>"; };
		08A51A2F195A28B00073CBA7 /* Icon@2x.png */ = {isa = PBXFileReference; lastKnownFileType = image.png; path = "Icon@2x.png"; sourceTree = "<group>"; };
		08A51A30195A28B00073CBA7 /* iTunesArtwork.png */ = {isa = PBXFileReference; lastKnownFileType = image.png; path = iTunesArtwork.png; sourceTree = "<group>"; };
		08A51A31195A28B00073CBA7 /* iTunesArtwork@2x.png */ = {isa = PBXFileReference; lastKnownFileType = image.png; path = "iTunesArtwork@2x.png"; sourceTree = "<group>"; };
		08A51A33195A28B00073CBA7 /* Icon-40.png */ = {isa = PBXFileReference; lastKnownFileType = image.png; path = "Icon-40.png"; sourceTree = "<group>"; };
		08A51A34195A28B00073CBA7 /* Icon-40@2x.png */ = {isa = PBXFileReference; lastKnownFileType = image.png; path = "Icon-40@2x.png"; sourceTree = "<group>"; };
		08A51A35195A28B00073CBA7 /* Icon-60.png */ = {isa = PBXFileReference; lastKnownFileType = image.png; path = "Icon-60.png"; sourceTree = "<group>"; };
		08A51A36195A28B00073CBA7 /* Icon-60@2x.png */ = {isa = PBXFileReference; lastKnownFileType = image.png; path = "Icon-60@2x.png"; sourceTree = "<group>"; };
		08A51A37195A28B00073CBA7 /* Icon-72.png */ = {isa = PBXFileReference; lastKnownFileType = image.png; path = "Icon-72.png"; sourceTree = "<group>"; };
		08A51A38195A28B00073CBA7 /* Icon-72@2x.png */ = {isa = PBXFileReference; lastKnownFileType = image.png; path = "Icon-72@2x.png"; sourceTree = "<group>"; };
		08A51A39195A28B00073CBA7 /* Icon-76.png */ = {isa = PBXFileReference; lastKnownFileType = image.png; path = "Icon-76.png"; sourceTree = "<group>"; };
		08A51A3A195A28B00073CBA7 /* Icon-76@2x.png */ = {isa = PBXFileReference; lastKnownFileType = image.png; path = "Icon-76@2x.png"; sourceTree = "<group>"; };
		08A51A3B195A28B00073CBA7 /* Icon-Small-50.png */ = {isa = PBXFileReference; lastKnownFileType = image.png; path = "Icon-Small-50.png"; sourceTree = "<group>"; };
		08A51A3C195A28B00073CBA7 /* Icon-Small-50@2x.png */ = {isa = PBXFileReference; lastKnownFileType = image.png; path = "Icon-Small-50@2x.png"; sourceTree = "<group>"; };
		08A51A3D195A28B00073CBA7 /* Icon-Small.png */ = {isa = PBXFileReference; lastKnownFileType = image.png; path = "Icon-Small.png"; sourceTree = "<group>"; };
		08A51A3E195A28B00073CBA7 /* Icon-Small@2x.png */ = {isa = PBXFileReference; lastKnownFileType = image.png; path = "Icon-Small@2x.png"; sourceTree = "<group>"; };
		08A51A3F195A28B00073CBA7 /* Icon.png */ = {isa = PBXFileReference; lastKnownFileType = image.png; path = Icon.png; sourceTree = "<group>"; };
		08A51A40195A28B00073CBA7 /* Icon@2x.png */ = {isa = PBXFileReference; lastKnownFileType = image.png; path = "Icon@2x.png"; sourceTree = "<group>"; };
		08A51A41195A28B00073CBA7 /* iTunesArtwork.png */ = {isa = PBXFileReference; lastKnownFileType = image.png; path = iTunesArtwork.png; sourceTree = "<group>"; };
		08A51A42195A28B00073CBA7 /* iTunesArtwork@2x.png */ = {isa = PBXFileReference; lastKnownFileType = image.png; path = "iTunesArtwork@2x.png"; sourceTree = "<group>"; };
		08A51AD4195A2C9E0073CBA7 /* BG.png */ = {isa = PBXFileReference; lastKnownFileType = image.png; path = BG.png; sourceTree = "<group>"; };
		08A51AD5195A2C9E0073CBA7 /* BG@2x.png */ = {isa = PBXFileReference; lastKnownFileType = image.png; path = "BG@2x.png"; sourceTree = "<group>"; };
		08A51AD6195A2C9E0073CBA7 /* BG.png */ = {isa = PBXFileReference; lastKnownFileType = image.png; path = BG.png; sourceTree = "<group>"; };
		08A51AD7195A2C9E0073CBA7 /* BG@2x.png */ = {isa = PBXFileReference; lastKnownFileType = image.png; path = "BG@2x.png"; sourceTree = "<group>"; };
		08A51ADD195B51880073CBA7 /* MSTransitionAnimator.h */ = {isa = PBXFileReference; fileEncoding = 4; lastKnownFileType = sourcecode.c.h; path = MSTransitionAnimator.h; sourceTree = "<group>"; };
		08A51ADE195B51880073CBA7 /* MSTransitionAnimator.m */ = {isa = PBXFileReference; fileEncoding = 4; lastKnownFileType = sourcecode.c.objc; path = MSTransitionAnimator.m; sourceTree = "<group>"; };
		08CAFC2D1946599600B83B52 /* MSHomeViewController.h */ = {isa = PBXFileReference; fileEncoding = 4; lastKnownFileType = sourcecode.c.h; path = MSHomeViewController.h; sourceTree = "<group>"; };
		08CAFC2E1946599600B83B52 /* MSHomeViewController.m */ = {isa = PBXFileReference; fileEncoding = 4; lastKnownFileType = sourcecode.c.objc; path = MSHomeViewController.m; sourceTree = "<group>"; };
		08CAFC31194661C300B83B52 /* MSSettingsViewController.h */ = {isa = PBXFileReference; fileEncoding = 4; lastKnownFileType = sourcecode.c.h; path = MSSettingsViewController.h; sourceTree = "<group>"; };
		08CAFC32194661C300B83B52 /* MSSettingsViewController.m */ = {isa = PBXFileReference; fileEncoding = 4; lastKnownFileType = sourcecode.c.objc; path = MSSettingsViewController.m; sourceTree = "<group>"; };
		08CAFC351946649000B83B52 /* MSEditProfileViewController.h */ = {isa = PBXFileReference; fileEncoding = 4; lastKnownFileType = sourcecode.c.h; path = MSEditProfileViewController.h; sourceTree = "<group>"; };
		08CAFC361946649000B83B52 /* MSEditProfileViewController.m */ = {isa = PBXFileReference; fileEncoding = 4; lastKnownFileType = sourcecode.c.objc; path = MSEditProfileViewController.m; sourceTree = "<group>"; };
		08CAFC391946676E00B83B52 /* MSProfileViewController.h */ = {isa = PBXFileReference; fileEncoding = 4; lastKnownFileType = sourcecode.c.h; path = MSProfileViewController.h; sourceTree = "<group>"; };
		08CAFC3A1946676E00B83B52 /* MSProfileViewController.m */ = {isa = PBXFileReference; fileEncoding = 4; lastKnownFileType = sourcecode.c.objc; path = MSProfileViewController.m; sourceTree = "<group>"; };
		08CAFCF1194A735700B83B52 /* MSTestUser.h */ = {isa = PBXFileReference; fileEncoding = 4; lastKnownFileType = sourcecode.c.h; path = MSTestUser.h; sourceTree = "<group>"; };
		08CAFCF2194A735700B83B52 /* MSTestUser.m */ = {isa = PBXFileReference; fileEncoding = 4; lastKnownFileType = sourcecode.c.objc; path = MSTestUser.m; sourceTree = "<group>"; };
		08CAFCF8194A746B00B83B52 /* Haberdash.jpg */ = {isa = PBXFileReference; lastKnownFileType = image.jpeg; path = Haberdash.jpg; sourceTree = "<group>"; };
		08CF2150193E5883009248A1 /* Matched Up.app */ = {isa = PBXFileReference; explicitFileType = wrapper.application; includeInIndex = 0; path = "Matched Up.app"; sourceTree = BUILT_PRODUCTS_DIR; };
		08CF2153193E5883009248A1 /* Foundation.framework */ = {isa = PBXFileReference; lastKnownFileType = wrapper.framework; name = Foundation.framework; path = System/Library/Frameworks/Foundation.framework; sourceTree = SDKROOT; };
		08CF2155193E5883009248A1 /* CoreGraphics.framework */ = {isa = PBXFileReference; lastKnownFileType = wrapper.framework; name = CoreGraphics.framework; path = System/Library/Frameworks/CoreGraphics.framework; sourceTree = SDKROOT; };
		08CF2157193E5883009248A1 /* UIKit.framework */ = {isa = PBXFileReference; lastKnownFileType = wrapper.framework; name = UIKit.framework; path = System/Library/Frameworks/UIKit.framework; sourceTree = SDKROOT; };
		08CF215B193E5883009248A1 /* Matched Up-Info.plist */ = {isa = PBXFileReference; lastKnownFileType = text.plist.xml; path = "Matched Up-Info.plist"; sourceTree = "<group>"; };
		08CF215D193E5883009248A1 /* en */ = {isa = PBXFileReference; lastKnownFileType = text.plist.strings; name = en; path = en.lproj/InfoPlist.strings; sourceTree = "<group>"; };
		08CF215F193E5883009248A1 /* main.m */ = {isa = PBXFileReference; lastKnownFileType = sourcecode.c.objc; path = main.m; sourceTree = "<group>"; };
		08CF2161193E5883009248A1 /* Matched Up-Prefix.pch */ = {isa = PBXFileReference; lastKnownFileType = sourcecode.c.h; path = "Matched Up-Prefix.pch"; sourceTree = "<group>"; };
		08CF2162193E5883009248A1 /* MSAppDelegate.h */ = {isa = PBXFileReference; lastKnownFileType = sourcecode.c.h; path = MSAppDelegate.h; sourceTree = "<group>"; };
		08CF2163193E5883009248A1 /* MSAppDelegate.m */ = {isa = PBXFileReference; lastKnownFileType = sourcecode.c.objc; path = MSAppDelegate.m; sourceTree = "<group>"; };
		08CF2166193E5883009248A1 /* Base */ = {isa = PBXFileReference; lastKnownFileType = file.storyboard; name = Base; path = Base.lproj/Main.storyboard; sourceTree = "<group>"; };
		08CF216E193E5883009248A1 /* Images.xcassets */ = {isa = PBXFileReference; lastKnownFileType = folder.assetcatalog; path = Images.xcassets; sourceTree = "<group>"; };
		08CF2174193E5883009248A1 /* Matched UpTests.xctest */ = {isa = PBXFileReference; explicitFileType = wrapper.cfbundle; includeInIndex = 0; path = "Matched UpTests.xctest"; sourceTree = BUILT_PRODUCTS_DIR; };
		08CF2175193E5883009248A1 /* XCTest.framework */ = {isa = PBXFileReference; lastKnownFileType = wrapper.framework; name = XCTest.framework; path = Library/Frameworks/XCTest.framework; sourceTree = DEVELOPER_DIR; };
		08CF217D193E5883009248A1 /* Matched UpTests-Info.plist */ = {isa = PBXFileReference; lastKnownFileType = text.plist.xml; path = "Matched UpTests-Info.plist"; sourceTree = "<group>"; };
		08CF217F193E5883009248A1 /* en */ = {isa = PBXFileReference; lastKnownFileType = text.plist.strings; name = en; path = en.lproj/InfoPlist.strings; sourceTree = "<group>"; };
		08CF2181193E5883009248A1 /* Matched_UpTests.m */ = {isa = PBXFileReference; lastKnownFileType = sourcecode.c.objc; path = Matched_UpTests.m; sourceTree = "<group>"; };
		08CF218B193E592D009248A1 /* MSLoginViewController.h */ = {isa = PBXFileReference; fileEncoding = 4; lastKnownFileType = sourcecode.c.h; path = MSLoginViewController.h; sourceTree = "<group>"; };
		08CF218C193E592D009248A1 /* MSLoginViewController.m */ = {isa = PBXFileReference; fileEncoding = 4; lastKnownFileType = sourcecode.c.objc; path = MSLoginViewController.m; sourceTree = "<group>"; };
		08EAEF49193FDDBB00805776 /* MSConstants.h */ = {isa = PBXFileReference; fileEncoding = 4; lastKnownFileType = sourcecode.c.h; path = MSConstants.h; sourceTree = "<group>"; };
		08EAEF4A193FDDBB00805776 /* MSConstants.m */ = {isa = PBXFileReference; fileEncoding = 4; lastKnownFileType = sourcecode.c.objc; path = MSConstants.m; sourceTree = "<group>"; };
		8D9C87D00643481F88F3CC85 /* Pods.xcconfig */ = {isa = PBXFileReference; includeInIndex = 1; lastKnownFileType = text.xcconfig; name = Pods.xcconfig; path = Pods/Pods.xcconfig; sourceTree = "<group>"; };
		EC4847EB2DA945AB9D236C62 /* libPods.a */ = {isa = PBXFileReference; explicitFileType = archive.ar; includeInIndex = 0; path = libPods.a; sourceTree = BUILT_PRODUCTS_DIR; };
/* End PBXFileReference section */

/* Begin PBXFrameworksBuildPhase section */
		08CF214D193E5883009248A1 /* Frameworks */ = {
			isa = PBXFrameworksBuildPhase;
			buildActionMask = 2147483647;
			files = (
				08CF2156193E5883009248A1 /* CoreGraphics.framework in Frameworks */,
				08CF2158193E5883009248A1 /* UIKit.framework in Frameworks */,
				08CF2154193E5883009248A1 /* Foundation.framework in Frameworks */,
				DDA96348CF204B18A78B57CD /* libPods.a in Frameworks */,
			);
			runOnlyForDeploymentPostprocessing = 0;
		};
		08CF2171193E5883009248A1 /* Frameworks */ = {
			isa = PBXFrameworksBuildPhase;
			buildActionMask = 2147483647;
			files = (
				08CF2176193E5883009248A1 /* XCTest.framework in Frameworks */,
				08CF2178193E5883009248A1 /* UIKit.framework in Frameworks */,
				08CF2177193E5883009248A1 /* Foundation.framework in Frameworks */,
			);
			runOnlyForDeploymentPostprocessing = 0;
		};
/* End PBXFrameworksBuildPhase section */

/* Begin PBXGroup section */
		0840B76A1954AAC7008E6D3C /* Chats */ = {
			isa = PBXGroup;
			children = (
				0840B76B1954AC9D008E6D3C /* MSChatViewController.h */,
				0840B76C1954AC9D008E6D3C /* MSChatViewController.m */,
			);
			name = Chats;
			sourceTree = "<group>";
		};
		084A5F07195350C7008EB2CA /* Match */ = {
			isa = PBXGroup;
			children = (
				08A51ADC195B51280073CBA7 /* Transition Helper */,
				084A5F04195350BE008EB2CA /* MSMatchViewController.h */,
				084A5F05195350BE008EB2CA /* MSMatchViewController.m */,
			);
			name = Match;
			sourceTree = "<group>";
		};
		084A5F0B1953AB75008EB2CA /* Matches */ = {
			isa = PBXGroup;
			children = (
				084A5F081953AB70008EB2CA /* MSMatchesViewController.h */,
				084A5F091953AB70008EB2CA /* MSMatchesViewController.m */,
			);
			name = Matches;
			sourceTree = "<group>";
		};
		08A519A6195A28B00073CBA7 /* Matched_Up_assets 2 */ = {
			isa = PBXGroup;
			children = (
				08A51AD2195A2C9E0073CBA7 /* 00_SplashPage */,
				08A519A7195A28B00073CBA7 /* 01_LoginScreen */,
				08A519AC195A28B00073CBA7 /* 02_HomeScreen */,
				08A519C1195A28B00073CBA7 /* 03_Profile */,
				08A519DE195A28B00073CBA7 /* 04_ChatList */,
				08A519EB195A28B00073CBA7 /* 05_ChatWindow */,
				08A519FA195A28B00073CBA7 /* 06_Settings */,
				08A51A09195A28B00073CBA7 /* 07_Profile_Edit */,
				08A51A18195A28B00073CBA7 /* 08_Match */,
				08A51A1D195A28B00073CBA7 /* _44px_Icon */,
				08A51A24195A28B00073CBA7 /* appicon */,
			);
			path = "Matched_Up_assets 2";
			sourceTree = "<group>";
		};
		08A519A7195A28B00073CBA7 /* 01_LoginScreen */ = {
			isa = PBXGroup;
			children = (
				08A519A8195A28B00073CBA7 /* Facebook.png */,
				08A519A9195A28B00073CBA7 /* Facebook@2x.png */,
				08A519AA195A28B00073CBA7 /* Logo.png */,
				08A519AB195A28B00073CBA7 /* Logo@2x.png */,
			);
			path = 01_LoginScreen;
			sourceTree = "<group>";
		};
		08A519AC195A28B00073CBA7 /* 02_HomeScreen */ = {
			isa = PBXGroup;
			children = (
				08A519AD195A28B00073CBA7 /* BG.png */,
				08A519AE195A28B00073CBA7 /* BG@2x.png */,
				08A519AF195A28B00073CBA7 /* ChatIcon.png */,
				08A519B0195A28B00073CBA7 /* ChatIcon@2x.png */,
				08A519B1195A28B00073CBA7 /* DislikeIcon.png */,
				08A519B2195A28B00073CBA7 /* DislikeIcon@2x.png */,
				08A519B3195A28B00073CBA7 /* InfoIcon.png */,
				08A519B4195A28B00073CBA7 /* InfoIcon@2x.png */,
				08A519B5195A28B00073CBA7 /* LikeIcon.png */,
				08A519B6195A28B00073CBA7 /* LikeIcon@2x.png */,
				08A519B7195A28B00073CBA7 /* Matched-Up.png */,
				08A519B8195A28B00073CBA7 /* Matched-Up@2x.png */,
				08A519B9195A28B00073CBA7 /* SettingIcon.png */,
				08A519BA195A28B00073CBA7 /* SettingIcon@2x.png */,
				08A519BB195A28B00073CBA7 /* Top_NavBG.png */,
				08A519BC195A28B00073CBA7 /* Top_NavBG@2x.png */,
				08A519BD195A28B00073CBA7 /* User_Image.png */,
				08A519BE195A28B00073CBA7 /* User_Image@2x.png */,
				08A519BF195A28B00073CBA7 /* VP_BG.png */,
				08A519C0195A28B00073CBA7 /* VP_BG@2x.png */,
			);
			path = 02_HomeScreen;
			sourceTree = "<group>";
		};
		08A519C1195A28B00073CBA7 /* 03_Profile */ = {
			isa = PBXGroup;
			children = (
				08A519C2195A28B00073CBA7 /* About_BG.png */,
				08A519C3195A28B00073CBA7 /* About_BG@2x.png */,
				08A519C4195A28B00073CBA7 /* AgeIcon.png */,
				08A519C5195A28B00073CBA7 /* AgeIcon@2x.png */,
				08A519C6195A28B00073CBA7 /* BG.png */,
				08A519C7195A28B00073CBA7 /* BG@2x.png */,
				08A519C8195A28B00073CBA7 /* ChatIcon.png */,
				08A519C9195A28B00073CBA7 /* ChatIcon@2x.png */,
				08A519CA195A28B00073CBA7 /* DislikeIcon.png */,
				08A519CB195A28B00073CBA7 /* DislikeIcon@2x.png */,
				08A519CC195A28B00073CBA7 /* InfoIcon.png */,
				08A519CD195A28B00073CBA7 /* InfoIcon@2x.png */,
				08A519CE195A28B00073CBA7 /* LikeIcon.png */,
				08A519CF195A28B00073CBA7 /* LikeIcon@2x.png */,
				08A519D0195A28B00073CBA7 /* location.png */,
				08A519D1195A28B00073CBA7 /* location@2x.png */,
				08A519D2195A28B00073CBA7 /* NameAgeStatusBar.png */,
				08A519D3195A28B00073CBA7 /* NameAgeStatusBar@2x.png */,
				08A519D4195A28B00073CBA7 /* SettingIcon.png */,
				08A519D5195A28B00073CBA7 /* SettingIcon@2x.png */,
				08A519D6195A28B00073CBA7 /* Single.png */,
				08A519D7195A28B00073CBA7 /* Single@2x.png */,
				08A519D8195A28B00073CBA7 /* StatusIcon.png */,
				08A519D9195A28B00073CBA7 /* StatusIcon@2x.png */,
				08A519DA195A28B00073CBA7 /* UserImage.png */,
				08A519DB195A28B00073CBA7 /* UserImage@2x.png */,
				08A519DC195A28B00073CBA7 /* VP_BG.png */,
				08A519DD195A28B00073CBA7 /* VP_BG@2x.png */,
			);
			path = 03_Profile;
			sourceTree = "<group>";
		};
		08A519DE195A28B00073CBA7 /* 04_ChatList */ = {
			isa = PBXGroup;
			children = (
				08A519DF195A28B00073CBA7 /* back-icon.png */,
				08A519E0195A28B00073CBA7 /* back-icon@2x.png */,
				08A519E1195A28B00073CBA7 /* BG.png */,
				08A519E2195A28B00073CBA7 /* BG@2x.png */,
				08A519E3195A28B00073CBA7 /* Chat_user.png */,
				08A519E4195A28B00073CBA7 /* Chat_user@2x.png */,
				08A519E5195A28B00073CBA7 /* menu-icon.png */,
				08A519E6195A28B00073CBA7 /* menu-icon@2x.png */,
				08A519E7195A28B00073CBA7 /* SettingIcon.png */,
				08A519E8195A28B00073CBA7 /* SettingIcon@2x.png */,
				08A519E9195A28B00073CBA7 /* Top_NavBG.png */,
				08A519EA195A28B00073CBA7 /* Top_NavBG@2x.png */,
			);
			path = 04_ChatList;
			sourceTree = "<group>";
		};
		08A519EB195A28B00073CBA7 /* 05_ChatWindow */ = {
			isa = PBXGroup;
			children = (
				08A519EC195A28B00073CBA7 /* back-icon.png */,
				08A519ED195A28B00073CBA7 /* back-icon@2x.png */,
				08A519EE195A28B00073CBA7 /* BG.png */,
				08A519EF195A28B00073CBA7 /* BG@2x.png */,
				08A519F0195A28B00073CBA7 /* form.png */,
				08A519F1195A28B00073CBA7 /* form@2x.png */,
				08A519F2195A28B00073CBA7 /* menu-icon.png */,
				08A519F3195A28B00073CBA7 /* menu-icon@2x.png */,
				08A519F4195A28B00073CBA7 /* Send_Bar_BG.png */,
				08A519F5195A28B00073CBA7 /* Send_Bar_BG@2x.png */,
				08A519F6195A28B00073CBA7 /* SettingIcon.png */,
				08A519F7195A28B00073CBA7 /* SettingIcon@2x.png */,
				08A519F8195A28B00073CBA7 /* Top_NavBG.png */,
				08A519F9195A28B00073CBA7 /* Top_NavBG@2x.png */,
			);
			path = 05_ChatWindow;
			sourceTree = "<group>";
		};
		08A519FA195A28B00073CBA7 /* 06_Settings */ = {
			isa = PBXGroup;
			children = (
				08A519FB195A28B00073CBA7 /* back-icon.png */,
				08A519FC195A28B00073CBA7 /* back-icon@2x.png */,
				08A519FD195A28B00073CBA7 /* BG.png */,
				08A519FE195A28B00073CBA7 /* BG@2x.png */,
				08A519FF195A28B00073CBA7 /* EditProfile.png */,
				08A51A00195A28B00073CBA7 /* EditProfile@2x.png */,
				08A51A01195A28B00073CBA7 /* Logout.png */,
				08A51A02195A28B00073CBA7 /* Logout@2x.png */,
				08A51A03195A28B00073CBA7 /* menu-icon.png */,
				08A51A04195A28B00073CBA7 /* menu-icon@2x.png */,
				08A51A05195A28B00073CBA7 /* SettingIcon.png */,
				08A51A06195A28B00073CBA7 /* SettingIcon@2x.png */,
				08A51A07195A28B00073CBA7 /* Top_NavBG.png */,
				08A51A08195A28B00073CBA7 /* Top_NavBG@2x.png */,
			);
			path = 06_Settings;
			sourceTree = "<group>";
		};
		08A51A09195A28B00073CBA7 /* 07_Profile_Edit */ = {
			isa = PBXGroup;
			children = (
				08A51A0A195A28B00073CBA7 /* About_BG.png */,
				08A51A0B195A28B00073CBA7 /* About_BG@2x.png */,
				08A51A0C195A28B00073CBA7 /* back-icon.png */,
				08A51A0D195A28B00073CBA7 /* back-icon@2x.png */,
				08A51A0E195A28B00073CBA7 /* BG.png */,
				08A51A0F195A28B00073CBA7 /* BG@2x.png */,
				08A51A10195A28B00073CBA7 /* menu-icon.png */,
				08A51A11195A28B00073CBA7 /* menu-icon@2x.png */,
				08A51A12195A28B00073CBA7 /* SettingIcon.png */,
				08A51A13195A28B00073CBA7 /* SettingIcon@2x.png */,
				08A51A14195A28B00073CBA7 /* Top_NavBG.png */,
				08A51A15195A28B00073CBA7 /* Top_NavBG@2x.png */,
				08A51A16195A28B00073CBA7 /* UserImage.png */,
				08A51A17195A28B00073CBA7 /* UserImage@2x.png */,
			);
			path = 07_Profile_Edit;
			sourceTree = "<group>";
		};
		08A51A18195A28B00073CBA7 /* 08_Match */ = {
			isa = PBXGroup;
			children = (
				08A51A19195A28B00073CBA7 /* ChatNow_Icon.png */,
				08A51A1A195A28B00073CBA7 /* ChatNow_Icon@2x.png */,
				08A51A1B195A28B00073CBA7 /* Close-Button.png */,
				08A51A1C195A28B00073CBA7 /* Close-Button@2x.png */,
			);
			path = 08_Match;
			sourceTree = "<group>";
		};
		08A51A1D195A28B00073CBA7 /* _44px_Icon */ = {
			isa = PBXGroup;
			children = (
				08A51A1E195A28B00073CBA7 /* back-icon.png */,
				08A51A1F195A28B00073CBA7 /* back-icon@2x.png */,
				08A51A20195A28B00073CBA7 /* ChatIcon.png */,
				08A51A21195A28B00073CBA7 /* ChatIcon@2x.png */,
				08A51A22195A28B00073CBA7 /* SettingIcon.png */,
				08A51A23195A28B00073CBA7 /* SettingIcon@2x.png */,
			);
			path = _44px_Icon;
			sourceTree = "<group>";
		};
		08A51A24195A28B00073CBA7 /* appicon */ = {
			isa = PBXGroup;
			children = (
				08A51A25195A28B00073CBA7 /* _Source */,
				08A51A27195A28B00073CBA7 /* ios */,
				08A51A32195A28B00073CBA7 /* ios7 */,
			);
			path = appicon;
			sourceTree = "<group>";
		};
		08A51A25195A28B00073CBA7 /* _Source */ = {
			isa = PBXGroup;
			children = (
				08A51A26195A28B00073CBA7 /* 1024_icon-1-01.png */,
			);
			path = _Source;
			sourceTree = "<group>";
		};
		08A51A27195A28B00073CBA7 /* ios */ = {
			isa = PBXGroup;
			children = (
				08A51A28195A28B00073CBA7 /* Icon-72.png */,
				08A51A29195A28B00073CBA7 /* Icon-72@2x.png */,
				08A51A2A195A28B00073CBA7 /* Icon-Small-50.png */,
				08A51A2B195A28B00073CBA7 /* Icon-Small-50@2x.png */,
				08A51A2C195A28B00073CBA7 /* Icon-Small.png */,
				08A51A2D195A28B00073CBA7 /* Icon-Small@2x.png */,
				08A51A2E195A28B00073CBA7 /* Icon.png */,
				08A51A2F195A28B00073CBA7 /* Icon@2x.png */,
				08A51A30195A28B00073CBA7 /* iTunesArtwork.png */,
				08A51A31195A28B00073CBA7 /* iTunesArtwork@2x.png */,
			);
			path = ios;
			sourceTree = "<group>";
		};
		08A51A32195A28B00073CBA7 /* ios7 */ = {
			isa = PBXGroup;
			children = (
				08A51A33195A28B00073CBA7 /* Icon-40.png */,
				08A51A34195A28B00073CBA7 /* Icon-40@2x.png */,
				08A51A35195A28B00073CBA7 /* Icon-60.png */,
				08A51A36195A28B00073CBA7 /* Icon-60@2x.png */,
				08A51A37195A28B00073CBA7 /* Icon-72.png */,
				08A51A38195A28B00073CBA7 /* Icon-72@2x.png */,
				08A51A39195A28B00073CBA7 /* Icon-76.png */,
				08A51A3A195A28B00073CBA7 /* Icon-76@2x.png */,
				08A51A3B195A28B00073CBA7 /* Icon-Small-50.png */,
				08A51A3C195A28B00073CBA7 /* Icon-Small-50@2x.png */,
				08A51A3D195A28B00073CBA7 /* Icon-Small.png */,
				08A51A3E195A28B00073CBA7 /* Icon-Small@2x.png */,
				08A51A3F195A28B00073CBA7 /* Icon.png */,
				08A51A40195A28B00073CBA7 /* Icon@2x.png */,
				08A51A41195A28B00073CBA7 /* iTunesArtwork.png */,
				08A51A42195A28B00073CBA7 /* iTunesArtwork@2x.png */,
			);
			path = ios7;
			sourceTree = "<group>";
		};
		08A51AD2195A2C9E0073CBA7 /* 00_SplashPage */ = {
			isa = PBXGroup;
			children = (
				08A51AD3195A2C9E0073CBA7 /* 960 */,
				08A51AD6195A2C9E0073CBA7 /* BG.png */,
				08A51AD7195A2C9E0073CBA7 /* BG@2x.png */,
			);
			path = 00_SplashPage;
			sourceTree = "<group>";
		};
		08A51AD3195A2C9E0073CBA7 /* 960 */ = {
			isa = PBXGroup;
			children = (
				08A51AD4195A2C9E0073CBA7 /* BG.png */,
				08A51AD5195A2C9E0073CBA7 /* BG@2x.png */,
			);
			path = 960;
			sourceTree = "<group>";
		};
		08A51ADC195B51280073CBA7 /* Transition Helper */ = {
			isa = PBXGroup;
			children = (
				08A51ADD195B51880073CBA7 /* MSTransitionAnimator.h */,
				08A51ADE195B51880073CBA7 /* MSTransitionAnimator.m */,
			);
			name = "Transition Helper";
			sourceTree = "<group>";
		};
		08CAFC301946599B00B83B52 /* Home */ = {
			isa = PBXGroup;
			children = (
				08CAFC2D1946599600B83B52 /* MSHomeViewController.h */,
				08CAFC2E1946599600B83B52 /* MSHomeViewController.m */,
			);
			name = Home;
			sourceTree = "<group>";
		};
		08CAFC34194661C700B83B52 /* Settings */ = {
			isa = PBXGroup;
			children = (
				08CAFC31194661C300B83B52 /* MSSettingsViewController.h */,
				08CAFC32194661C300B83B52 /* MSSettingsViewController.m */,
				08A519A4195A02FC0073CBA7 /* defaultPrefsFile.plist */,
			);
			name = Settings;
			sourceTree = "<group>";
		};
		08CAFC381946649400B83B52 /* Edit Profile */ = {
			isa = PBXGroup;
			children = (
				08CAFC351946649000B83B52 /* MSEditProfileViewController.h */,
				08CAFC361946649000B83B52 /* MSEditProfileViewController.m */,
			);
			name = "Edit Profile";
			sourceTree = "<group>";
		};
		08CAFC3C1946678200B83B52 /* Profile */ = {
			isa = PBXGroup;
			children = (
				08CAFC391946676E00B83B52 /* MSProfileViewController.h */,
				08CAFC3A1946676E00B83B52 /* MSProfileViewController.m */,
			);
			name = Profile;
			sourceTree = "<group>";
		};
		08CAFCF5194A73C200B83B52 /* CreateParseUser */ = {
			isa = PBXGroup;
			children = (
				08CAFCF1194A735700B83B52 /* MSTestUser.h */,
				08CAFCF2194A735700B83B52 /* MSTestUser.m */,
			);
			name = CreateParseUser;
			path = ..;
			sourceTree = "<group>";
		};
		08CF2147193E5883009248A1 = {
			isa = PBXGroup;
			children = (
				08CF2159193E5883009248A1 /* Matched Up */,
				08CF217B193E5883009248A1 /* Matched UpTests */,
				08CF2152193E5883009248A1 /* Frameworks */,
				08CF2151193E5883009248A1 /* Products */,
				8D9C87D00643481F88F3CC85 /* Pods.xcconfig */,
			);
			sourceTree = "<group>";
		};
		08CF2151193E5883009248A1 /* Products */ = {
			isa = PBXGroup;
			children = (
				08CF2150193E5883009248A1 /* Matched Up.app */,
				08CF2174193E5883009248A1 /* Matched UpTests.xctest */,
			);
			name = Products;
			sourceTree = "<group>";
		};
		08CF2152193E5883009248A1 /* Frameworks */ = {
			isa = PBXGroup;
			children = (
				08CF2153193E5883009248A1 /* Foundation.framework */,
				08CF2155193E5883009248A1 /* CoreGraphics.framework */,
				08CF2157193E5883009248A1 /* UIKit.framework */,
				08CF2175193E5883009248A1 /* XCTest.framework */,
				EC4847EB2DA945AB9D236C62 /* libPods.a */,
			);
			name = Frameworks;
			sourceTree = "<group>";
		};
		08CF2159193E5883009248A1 /* Matched Up */ = {
			isa = PBXGroup;
			children = (
				08CF2162193E5883009248A1 /* MSAppDelegate.h */,
				08CF2163193E5883009248A1 /* MSAppDelegate.m */,
				08CF2165193E5883009248A1 /* Main.storyboard */,
				08CF218E193E5937009248A1 /* Login */,
				08CAFC301946599B00B83B52 /* Home */,
				08CAFC34194661C700B83B52 /* Settings */,
				08CAFC381946649400B83B52 /* Edit Profile */,
				08CAFC3C1946678200B83B52 /* Profile */,
				084A5F07195350C7008EB2CA /* Match */,
				084A5F0B1953AB75008EB2CA /* Matches */,
				0840B76A1954AAC7008E6D3C /* Chats */,
				08CAFCF5194A73C200B83B52 /* CreateParseUser */,
				08CF216E193E5883009248A1 /* Images.xcassets */,
				08CF215A193E5883009248A1 /* Supporting Files */,
			);
			path = "Matched Up";
			sourceTree = "<group>";
		};
		08CF215A193E5883009248A1 /* Supporting Files */ = {
			isa = PBXGroup;
			children = (
				08A519A6195A28B00073CBA7 /* Matched_Up_assets 2 */,
				08CAFCF8194A746B00B83B52 /* Haberdash.jpg */,
				08EAEF49193FDDBB00805776 /* MSConstants.h */,
				08EAEF4A193FDDBB00805776 /* MSConstants.m */,
				08CF215B193E5883009248A1 /* Matched Up-Info.plist */,
				08CF215C193E5883009248A1 /* InfoPlist.strings */,
				08CF215F193E5883009248A1 /* main.m */,
				08CF2161193E5883009248A1 /* Matched Up-Prefix.pch */,
			);
			name = "Supporting Files";
			sourceTree = "<group>";
		};
		08CF217B193E5883009248A1 /* Matched UpTests */ = {
			isa = PBXGroup;
			children = (
				08CF2181193E5883009248A1 /* Matched_UpTests.m */,
				08CF217C193E5883009248A1 /* Supporting Files */,
			);
			path = "Matched UpTests";
			sourceTree = "<group>";
		};
		08CF217C193E5883009248A1 /* Supporting Files */ = {
			isa = PBXGroup;
			children = (
				08CF217D193E5883009248A1 /* Matched UpTests-Info.plist */,
				08CF217E193E5883009248A1 /* InfoPlist.strings */,
			);
			name = "Supporting Files";
			sourceTree = "<group>";
		};
		08CF218E193E5937009248A1 /* Login */ = {
			isa = PBXGroup;
			children = (
				08CF218B193E592D009248A1 /* MSLoginViewController.h */,
				08CF218C193E592D009248A1 /* MSLoginViewController.m */,
			);
			name = Login;
			sourceTree = "<group>";
		};
/* End PBXGroup section */

/* Begin PBXNativeTarget section */
		08CF214F193E5883009248A1 /* Matched Up */ = {
			isa = PBXNativeTarget;
			buildConfigurationList = 08CF2185193E5883009248A1 /* Build configuration list for PBXNativeTarget "Matched Up" */;
			buildPhases = (
				BA91347636AA4E17931C7A51 /* Check Pods Manifest.lock */,
				08CF214C193E5883009248A1 /* Sources */,
				08CF214D193E5883009248A1 /* Frameworks */,
				08CF214E193E5883009248A1 /* Resources */,
				0FDE610192AF459B8841B851 /* Copy Pods Resources */,
			);
			buildRules = (
			);
			dependencies = (
			);
			name = "Matched Up";
			productName = "Matched Up";
			productReference = 08CF2150193E5883009248A1 /* Matched Up.app */;
			productType = "com.apple.product-type.application";
		};
		08CF2173193E5883009248A1 /* Matched UpTests */ = {
			isa = PBXNativeTarget;
			buildConfigurationList = 08CF2188193E5883009248A1 /* Build configuration list for PBXNativeTarget "Matched UpTests" */;
			buildPhases = (
				08CF2170193E5883009248A1 /* Sources */,
				08CF2171193E5883009248A1 /* Frameworks */,
				08CF2172193E5883009248A1 /* Resources */,
			);
			buildRules = (
			);
			dependencies = (
				08CF217A193E5883009248A1 /* PBXTargetDependency */,
			);
			name = "Matched UpTests";
			productName = "Matched UpTests";
			productReference = 08CF2174193E5883009248A1 /* Matched UpTests.xctest */;
			productType = "com.apple.product-type.bundle.unit-test";
		};
/* End PBXNativeTarget section */

/* Begin PBXProject section */
		08CF2148193E5883009248A1 /* Project object */ = {
			isa = PBXProject;
			attributes = {
				CLASSPREFIX = MS;
				LastUpgradeCheck = 0500;
				ORGANIZATIONNAME = "Mat Sletten";
				TargetAttributes = {
					08CF2173193E5883009248A1 = {
						TestTargetID = 08CF214F193E5883009248A1;
					};
				};
			};
			buildConfigurationList = 08CF214B193E5883009248A1 /* Build configuration list for PBXProject "Matched Up" */;
			compatibilityVersion = "Xcode 3.2";
			developmentRegion = English;
			hasScannedForEncodings = 0;
			knownRegions = (
				en,
				Base,
			);
			mainGroup = 08CF2147193E5883009248A1;
			productRefGroup = 08CF2151193E5883009248A1 /* Products */;
			projectDirPath = "";
			projectRoot = "";
			targets = (
				08CF214F193E5883009248A1 /* Matched Up */,
				08CF2173193E5883009248A1 /* Matched UpTests */,
			);
		};
/* End PBXProject section */

/* Begin PBXResourcesBuildPhase section */
		08CF214E193E5883009248A1 /* Resources */ = {
			isa = PBXResourcesBuildPhase;
			buildActionMask = 2147483647;
			files = (
				08A51AAF195A28B00073CBA7 /* Close-Button.png in Resources */,
				08A51A62195A28B00073CBA7 /* ChatIcon@2x.png in Resources */,
				08A51A5C195A28B00073CBA7 /* About_BG@2x.png in Resources */,
				08A51AD0195A28B10073CBA7 /* iTunesArtwork.png in Resources */,
				08A51A47195A28B00073CBA7 /* BG.png in Resources */,
				08A51A4E195A28B00073CBA7 /* InfoIcon@2x.png in Resources */,
				08A51A81195A28B00073CBA7 /* Top_NavBG.png in Resources */,
				08CF216F193E5883009248A1 /* Images.xcassets in Resources */,
				08A51A9F195A28B00073CBA7 /* About_BG.png in Resources */,
				08A51AC7195A28B10073CBA7 /* Icon-72@2x.png in Resources */,
				08A51A61195A28B00073CBA7 /* ChatIcon.png in Resources */,
				08A51AB0195A28B00073CBA7 /* Close-Button@2x.png in Resources */,
				08A51A87195A28B00073CBA7 /* form.png in Resources */,
				08A51AC8195A28B10073CBA7 /* Icon-76.png in Resources */,
				08A51A8A195A28B00073CBA7 /* menu-icon@2x.png in Resources */,
				08A51AD1195A28B10073CBA7 /* iTunesArtwork@2x.png in Resources */,
				08A519A5195A02FC0073CBA7 /* defaultPrefsFile.plist in Resources */,
				08A51A86195A28B00073CBA7 /* BG@2x.png in Resources */,
				08A51A48195A28B00073CBA7 /* BG@2x.png in Resources */,
				08A51A73195A28B00073CBA7 /* UserImage.png in Resources */,
				08A51AC9195A28B10073CBA7 /* Icon-76@2x.png in Resources */,
				08A51A9B195A28B00073CBA7 /* SettingIcon.png in Resources */,
				08A51AB5195A28B00073CBA7 /* SettingIcon.png in Resources */,
				08A51A76195A28B00073CBA7 /* VP_BG@2x.png in Resources */,
				08A51A94195A28B00073CBA7 /* BG@2x.png in Resources */,
				08A51AAE195A28B00073CBA7 /* ChatNow_Icon@2x.png in Resources */,
				08A51A69195A28B00073CBA7 /* location.png in Resources */,
				08A51AD8195A2C9E0073CBA7 /* BG.png in Resources */,
				08A51A7D195A28B00073CBA7 /* menu-icon.png in Resources */,
				08A51AA1195A28B00073CBA7 /* back-icon.png in Resources */,
				08A51ACE195A28B10073CBA7 /* Icon.png in Resources */,
				08A51AAB195A28B00073CBA7 /* UserImage.png in Resources */,
				08A51AB3195A28B00073CBA7 /* ChatIcon.png in Resources */,
				08A51A64195A28B00073CBA7 /* DislikeIcon@2x.png in Resources */,
				08A51AB6195A28B00073CBA7 /* SettingIcon@2x.png in Resources */,
				08A51A4D195A28B00073CBA7 /* InfoIcon.png in Resources */,
				08A51ABD195A28B10073CBA7 /* Icon-Small@2x.png in Resources */,
				08A51A49195A28B00073CBA7 /* ChatIcon.png in Resources */,
				08A51ABC195A28B10073CBA7 /* Icon-Small.png in Resources */,
				08A51A7A195A28B00073CBA7 /* BG@2x.png in Resources */,
				08A51AA2195A28B00073CBA7 /* back-icon@2x.png in Resources */,
				08A51A8F195A28B00073CBA7 /* Top_NavBG.png in Resources */,
				08A51A6A195A28B00073CBA7 /* location@2x.png in Resources */,
				08A51A80195A28B00073CBA7 /* SettingIcon@2x.png in Resources */,
				08A51A68195A28B00073CBA7 /* LikeIcon@2x.png in Resources */,
				08A51AA8195A28B00073CBA7 /* SettingIcon@2x.png in Resources */,
				08A51ACA195A28B10073CBA7 /* Icon-Small-50.png in Resources */,
				08A51A95195A28B00073CBA7 /* EditProfile.png in Resources */,
				08A51A50195A28B00073CBA7 /* LikeIcon@2x.png in Resources */,
				08A51A55195A28B00073CBA7 /* Top_NavBG.png in Resources */,
				08A51A4F195A28B00073CBA7 /* LikeIcon.png in Resources */,
				08A51A78195A28B00073CBA7 /* back-icon@2x.png in Resources */,
				08A51A88195A28B00073CBA7 /* form@2x.png in Resources */,
				08A51A9D195A28B00073CBA7 /* Top_NavBG.png in Resources */,
				08CF215E193E5883009248A1 /* InfoPlist.strings in Resources */,
				08A51ADB195A2C9E0073CBA7 /* BG@2x.png in Resources */,
				08A51A93195A28B00073CBA7 /* BG.png in Resources */,
				08A51A6B195A28B00073CBA7 /* NameAgeStatusBar.png in Resources */,
				08A51A77195A28B00073CBA7 /* back-icon.png in Resources */,
				08A51A4B195A28B00073CBA7 /* DislikeIcon.png in Resources */,
				08A51A6E195A28B00073CBA7 /* SettingIcon@2x.png in Resources */,
				08A51A4A195A28B00073CBA7 /* ChatIcon@2x.png in Resources */,
				08A51AA9195A28B00073CBA7 /* Top_NavBG.png in Resources */,
				08A51AA5195A28B00073CBA7 /* menu-icon.png in Resources */,
				08A51AAD195A28B00073CBA7 /* ChatNow_Icon.png in Resources */,
				08A51A66195A28B00073CBA7 /* InfoIcon@2x.png in Resources */,
				08A51A4C195A28B00073CBA7 /* DislikeIcon@2x.png in Resources */,
				08A51A53195A28B00073CBA7 /* SettingIcon.png in Resources */,
				08A51A9A195A28B00073CBA7 /* menu-icon@2x.png in Resources */,
				08A51A75195A28B00073CBA7 /* VP_BG.png in Resources */,
				08A51AA4195A28B00073CBA7 /* BG@2x.png in Resources */,
				08A51AAC195A28B00073CBA7 /* UserImage@2x.png in Resources */,
				08A51A7E195A28B00073CBA7 /* menu-icon@2x.png in Resources */,
				08A51A8C195A28B00073CBA7 /* Send_Bar_BG@2x.png in Resources */,
				08A51A84195A28B00073CBA7 /* back-icon@2x.png in Resources */,
				08A51ABE195A28B10073CBA7 /* Icon.png in Resources */,
				08A51A52195A28B00073CBA7 /* Matched-Up@2x.png in Resources */,
				08A51A74195A28B00073CBA7 /* UserImage@2x.png in Resources */,
				08A51A7F195A28B00073CBA7 /* SettingIcon.png in Resources */,
				08A51A58195A28B00073CBA7 /* User_Image@2x.png in Resources */,
				08A51A89195A28B00073CBA7 /* menu-icon.png in Resources */,
				08A51AA3195A28B00073CBA7 /* BG.png in Resources */,
				08A51ADA195A2C9E0073CBA7 /* BG.png in Resources */,
				08A51A5A195A28B00073CBA7 /* VP_BG@2x.png in Resources */,
				08A51A97195A28B00073CBA7 /* Logout.png in Resources */,
				08A51ABB195A28B10073CBA7 /* Icon-Small-50@2x.png in Resources */,
				08A51AB7195A28B00073CBA7 /* 1024_icon-1-01.png in Resources */,
				08A51A5B195A28B00073CBA7 /* About_BG.png in Resources */,
				08A51A5D195A28B00073CBA7 /* AgeIcon.png in Resources */,
				08A51AC1195A28B10073CBA7 /* iTunesArtwork@2x.png in Resources */,
				08A51ABF195A28B10073CBA7 /* Icon@2x.png in Resources */,
				08A51A44195A28B00073CBA7 /* Facebook@2x.png in Resources */,
				08A51A6C195A28B00073CBA7 /* NameAgeStatusBar@2x.png in Resources */,
				08A51AB8195A28B10073CBA7 /* Icon-72.png in Resources */,
				08A51A8E195A28B00073CBA7 /* SettingIcon@2x.png in Resources */,
				08A51AA0195A28B00073CBA7 /* About_BG@2x.png in Resources */,
				08A51A5F195A28B00073CBA7 /* BG.png in Resources */,
				08A51A54195A28B00073CBA7 /* SettingIcon@2x.png in Resources */,
				08A51A63195A28B00073CBA7 /* DislikeIcon.png in Resources */,
				08A51ACD195A28B10073CBA7 /* Icon-Small@2x.png in Resources */,
				08A51A57195A28B00073CBA7 /* User_Image.png in Resources */,
				08A51AB1195A28B00073CBA7 /* back-icon.png in Resources */,
				08A51A9C195A28B00073CBA7 /* SettingIcon@2x.png in Resources */,
				08A51A45195A28B00073CBA7 /* Logo.png in Resources */,
				08A51A96195A28B00073CBA7 /* EditProfile@2x.png in Resources */,
				08A51AC2195A28B10073CBA7 /* Icon-40.png in Resources */,
				08A51AC4195A28B10073CBA7 /* Icon-60.png in Resources */,
				08A51A85195A28B00073CBA7 /* BG.png in Resources */,
				08A51A91195A28B00073CBA7 /* back-icon.png in Resources */,
				08A51AD9195A2C9E0073CBA7 /* BG@2x.png in Resources */,
				08A51AB9195A28B10073CBA7 /* Icon-72@2x.png in Resources */,
				08A51A8D195A28B00073CBA7 /* SettingIcon.png in Resources */,
				08A51ABA195A28B10073CBA7 /* Icon-Small-50.png in Resources */,
				08A51A7B195A28B00073CBA7 /* Chat_user.png in Resources */,
				08A51A6F195A28B00073CBA7 /* Single.png in Resources */,
				08A51A9E195A28B00073CBA7 /* Top_NavBG@2x.png in Resources */,
				08A51A71195A28B00073CBA7 /* StatusIcon.png in Resources */,
				08A51A43195A28B00073CBA7 /* Facebook.png in Resources */,
				08A51AC0195A28B10073CBA7 /* iTunesArtwork.png in Resources */,
				08A51A60195A28B00073CBA7 /* BG@2x.png in Resources */,
				08A51AB4195A28B00073CBA7 /* ChatIcon@2x.png in Resources */,
				08CAFCF9194A746B00B83B52 /* Haberdash.jpg in Resources */,
				08A51A7C195A28B00073CBA7 /* Chat_user@2x.png in Resources */,
				08A51AC5195A28B10073CBA7 /* Icon-60@2x.png in Resources */,
				08A51A56195A28B00073CBA7 /* Top_NavBG@2x.png in Resources */,
				08A51A51195A28B00073CBA7 /* Matched-Up.png in Resources */,
				08A51AC6195A28B10073CBA7 /* Icon-72.png in Resources */,
				08A51A79195A28B00073CBA7 /* BG.png in Resources */,
				08A51A83195A28B00073CBA7 /* back-icon.png in Resources */,
				08A51A6D195A28B00073CBA7 /* SettingIcon.png in Resources */,
				08A51A46195A28B00073CBA7 /* Logo@2x.png in Resources */,
				08A51AA7195A28B00073CBA7 /* SettingIcon.png in Resources */,
				08A51A98195A28B00073CBA7 /* Logout@2x.png in Resources */,
				08A51AA6195A28B00073CBA7 /* menu-icon@2x.png in Resources */,
				08A51A92195A28B00073CBA7 /* back-icon@2x.png in Resources */,
				08A51A72195A28B00073CBA7 /* StatusIcon@2x.png in Resources */,
				08A51A70195A28B00073CBA7 /* Single@2x.png in Resources */,
				08A51A67195A28B00073CBA7 /* LikeIcon.png in Resources */,
				08A51AC3195A28B10073CBA7 /* Icon-40@2x.png in Resources */,
				08A51A65195A28B00073CBA7 /* InfoIcon.png in Resources */,
				08A51ACB195A28B10073CBA7 /* Icon-Small-50@2x.png in Resources */,
				08A51ACF195A28B10073CBA7 /* Icon@2x.png in Resources */,
				08A51ACC195A28B10073CBA7 /* Icon-Small.png in Resources */,
				08A51A90195A28B00073CBA7 /* Top_NavBG@2x.png in Resources */,
				08A51A59195A28B00073CBA7 /* VP_BG.png in Resources */,
				08A51AB2195A28B00073CBA7 /* back-icon@2x.png in Resources */,
				08A51AAA195A28B00073CBA7 /* Top_NavBG@2x.png in Resources */,
				08A51A99195A28B00073CBA7 /* menu-icon.png in Resources */,
				08A51A8B195A28B00073CBA7 /* Send_Bar_BG.png in Resources */,
				08A51A82195A28B00073CBA7 /* Top_NavBG@2x.png in Resources */,
				08CF2167193E5883009248A1 /* Main.storyboard in Resources */,
				08A51A5E195A28B00073CBA7 /* AgeIcon@2x.png in Resources */,
			);
			runOnlyForDeploymentPostprocessing = 0;
		};
		08CF2172193E5883009248A1 /* Resources */ = {
			isa = PBXResourcesBuildPhase;
			buildActionMask = 2147483647;
			files = (
				08CF2180193E5883009248A1 /* InfoPlist.strings in Resources */,
			);
			runOnlyForDeploymentPostprocessing = 0;
		};
/* End PBXResourcesBuildPhase section */

/* Begin PBXShellScriptBuildPhase section */
		0FDE610192AF459B8841B851 /* Copy Pods Resources */ = {
			isa = PBXShellScriptBuildPhase;
			buildActionMask = 2147483647;
			files = (
			);
			inputPaths = (
			);
			name = "Copy Pods Resources";
			outputPaths = (
			);
			runOnlyForDeploymentPostprocessing = 0;
			shellPath = /bin/sh;
			shellScript = "\"${SRCROOT}/Pods/Pods-resources.sh\"\n";
			showEnvVarsInLog = 0;
		};
		BA91347636AA4E17931C7A51 /* Check Pods Manifest.lock */ = {
			isa = PBXShellScriptBuildPhase;
			buildActionMask = 2147483647;
			files = (
			);
			inputPaths = (
			);
			name = "Check Pods Manifest.lock";
			outputPaths = (
			);
			runOnlyForDeploymentPostprocessing = 0;
			shellPath = /bin/sh;
			shellScript = "diff \"${PODS_ROOT}/../Podfile.lock\" \"${PODS_ROOT}/Manifest.lock\" > /dev/null\nif [[ $? != 0 ]] ; then\n    cat << EOM\nerror: The sandbox is not in sync with the Podfile.lock. Run 'pod install' or update your CocoaPods installation.\nEOM\n    exit 1\nfi\n";
			showEnvVarsInLog = 0;
		};
/* End PBXShellScriptBuildPhase section */

/* Begin PBXSourcesBuildPhase section */
		08CF214C193E5883009248A1 /* Sources */ = {
			isa = PBXSourcesBuildPhase;
			buildActionMask = 2147483647;
			files = (
				08A51ADF195B51880073CBA7 /* MSTransitionAnimator.m in Sources */,
				08CAFC2F1946599600B83B52 /* MSHomeViewController.m in Sources */,
				08CF2164193E5883009248A1 /* MSAppDelegate.m in Sources */,
				084A5F06195350BE008EB2CA /* MSMatchViewController.m in Sources */,
				08EAEF4B193FDDBB00805776 /* MSConstants.m in Sources */,
				0840B76D1954AC9D008E6D3C /* MSChatViewController.m in Sources */,
				08CF218D193E592D009248A1 /* MSLoginViewController.m in Sources */,
				084A5F0A1953AB70008EB2CA /* MSMatchesViewController.m in Sources */,
				08CAFC3B1946676E00B83B52 /* MSProfileViewController.m in Sources */,
				08CAFC371946649000B83B52 /* MSEditProfileViewController.m in Sources */,
				08CAFCF3194A735700B83B52 /* MSTestUser.m in Sources */,
				08CF2160193E5883009248A1 /* main.m in Sources */,
				08CAFC33194661C300B83B52 /* MSSettingsViewController.m in Sources */,
			);
			runOnlyForDeploymentPostprocessing = 0;
		};
		08CF2170193E5883009248A1 /* Sources */ = {
			isa = PBXSourcesBuildPhase;
			buildActionMask = 2147483647;
			files = (
				08CF2182193E5883009248A1 /* Matched_UpTests.m in Sources */,
			);
			runOnlyForDeploymentPostprocessing = 0;
		};
/* End PBXSourcesBuildPhase section */

/* Begin PBXTargetDependency section */
		08CF217A193E5883009248A1 /* PBXTargetDependency */ = {
			isa = PBXTargetDependency;
			target = 08CF214F193E5883009248A1 /* Matched Up */;
			targetProxy = 08CF2179193E5883009248A1 /* PBXContainerItemProxy */;
		};
/* End PBXTargetDependency section */

/* Begin PBXVariantGroup section */
		08CF215C193E5883009248A1 /* InfoPlist.strings */ = {
			isa = PBXVariantGroup;
			children = (
				08CF215D193E5883009248A1 /* en */,
			);
			name = InfoPlist.strings;
			sourceTree = "<group>";
		};
		08CF2165193E5883009248A1 /* Main.storyboard */ = {
			isa = PBXVariantGroup;
			children = (
				08CF2166193E5883009248A1 /* Base */,
			);
			name = Main.storyboard;
			sourceTree = "<group>";
		};
		08CF217E193E5883009248A1 /* InfoPlist.strings */ = {
			isa = PBXVariantGroup;
			children = (
				08CF217F193E5883009248A1 /* en */,
			);
			name = InfoPlist.strings;
			sourceTree = "<group>";
		};
/* End PBXVariantGroup section */

/* Begin XCBuildConfiguration section */
		08CF2183193E5883009248A1 /* Debug */ = {
			isa = XCBuildConfiguration;
			buildSettings = {
				ALWAYS_SEARCH_USER_PATHS = NO;
				ARCHS = "$(ARCHS_STANDARD_INCLUDING_64_BIT)";
				CLANG_CXX_LANGUAGE_STANDARD = "gnu++0x";
				CLANG_CXX_LIBRARY = "libc++";
				CLANG_ENABLE_MODULES = YES;
				CLANG_ENABLE_OBJC_ARC = YES;
				CLANG_WARN_BOOL_CONVERSION = YES;
				CLANG_WARN_CONSTANT_CONVERSION = YES;
				CLANG_WARN_DIRECT_OBJC_ISA_USAGE = YES_ERROR;
				CLANG_WARN_EMPTY_BODY = YES;
				CLANG_WARN_ENUM_CONVERSION = YES;
				CLANG_WARN_INT_CONVERSION = YES;
				CLANG_WARN_OBJC_ROOT_CLASS = YES_ERROR;
				CLANG_WARN__DUPLICATE_METHOD_MATCH = YES;
				"CODE_SIGN_IDENTITY[sdk=iphoneos*]" = "iPhone Developer";
				COPY_PHASE_STRIP = NO;
				"FRAMEWORK_SEARCH_PATHS[arch=*]" = "";
				GCC_C_LANGUAGE_STANDARD = gnu99;
				GCC_DYNAMIC_NO_PIC = NO;
				GCC_OPTIMIZATION_LEVEL = 0;
				GCC_PREPROCESSOR_DEFINITIONS = (
					"DEBUG=1",
					"$(inherited)",
				);
				GCC_SYMBOLS_PRIVATE_EXTERN = NO;
				GCC_WARN_64_TO_32_BIT_CONVERSION = YES;
				GCC_WARN_ABOUT_RETURN_TYPE = YES_ERROR;
				GCC_WARN_UNDECLARED_SELECTOR = YES;
				GCC_WARN_UNINITIALIZED_AUTOS = YES;
				GCC_WARN_UNUSED_FUNCTION = YES;
				GCC_WARN_UNUSED_VARIABLE = YES;
				IPHONEOS_DEPLOYMENT_TARGET = 7.0;
				ONLY_ACTIVE_ARCH = YES;
				SDKROOT = iphoneos;
			};
			name = Debug;
		};
		08CF2184193E5883009248A1 /* Release */ = {
			isa = XCBuildConfiguration;
			buildSettings = {
				ALWAYS_SEARCH_USER_PATHS = NO;
				ARCHS = "$(ARCHS_STANDARD_INCLUDING_64_BIT)";
				CLANG_CXX_LANGUAGE_STANDARD = "gnu++0x";
				CLANG_CXX_LIBRARY = "libc++";
				CLANG_ENABLE_MODULES = YES;
				CLANG_ENABLE_OBJC_ARC = YES;
				CLANG_WARN_BOOL_CONVERSION = YES;
				CLANG_WARN_CONSTANT_CONVERSION = YES;
				CLANG_WARN_DIRECT_OBJC_ISA_USAGE = YES_ERROR;
				CLANG_WARN_EMPTY_BODY = YES;
				CLANG_WARN_ENUM_CONVERSION = YES;
				CLANG_WARN_INT_CONVERSION = YES;
				CLANG_WARN_OBJC_ROOT_CLASS = YES_ERROR;
				CLANG_WARN__DUPLICATE_METHOD_MATCH = YES;
				"CODE_SIGN_IDENTITY[sdk=iphoneos*]" = "iPhone Developer";
				COPY_PHASE_STRIP = YES;
				ENABLE_NS_ASSERTIONS = NO;
				GCC_C_LANGUAGE_STANDARD = gnu99;
				GCC_WARN_64_TO_32_BIT_CONVERSION = YES;
				GCC_WARN_ABOUT_RETURN_TYPE = YES_ERROR;
				GCC_WARN_UNDECLARED_SELECTOR = YES;
				GCC_WARN_UNINITIALIZED_AUTOS = YES;
				GCC_WARN_UNUSED_FUNCTION = YES;
				GCC_WARN_UNUSED_VARIABLE = YES;
				IPHONEOS_DEPLOYMENT_TARGET = 7.0;
				SDKROOT = iphoneos;
				VALIDATE_PRODUCT = YES;
			};
			name = Release;
		};
		08CF2186193E5883009248A1 /* Debug */ = {
			isa = XCBuildConfiguration;
			baseConfigurationReference = 8D9C87D00643481F88F3CC85 /* Pods.xcconfig */;
			buildSettings = {
				ASSETCATALOG_COMPILER_APPICON_NAME = AppIcon;
				ASSETCATALOG_COMPILER_LAUNCHIMAGE_NAME = LaunchImage;
				GCC_PRECOMPILE_PREFIX_HEADER = YES;
				GCC_PREFIX_HEADER = "Matched Up/Matched Up-Prefix.pch";
				INFOPLIST_FILE = "Matched Up/Matched Up-Info.plist";
				LIBRARY_SEARCH_PATHS = (
					"$(inherited)",
					"/Users/matsletten/Desktop/Matched\\ Up",
				);
				OTHER_LDFLAGS = (
					"-ObjC",
					"-framework",
					AudioToolbox,
					"-framework",
					CFNetwork,
					"-framework",
					CoreGraphics,
					"-framework",
					CoreLocation,
					"-framework",
					MobileCoreServices,
					"-framework",
					Parse,
					"-framework",
					QuartzCore,
					"-framework",
					Security,
					"-framework",
					StoreKit,
					"-framework",
					SystemConfiguration,
					"-weak_framework",
					Accounts,
					"-weak_framework",
					Security,
					"-weak_framework",
					Social,
				);
				PRODUCT_NAME = "$(TARGET_NAME)";
				WRAPPER_EXTENSION = app;
			};
			name = Debug;
		};
		08CF2187193E5883009248A1 /* Release */ = {
			isa = XCBuildConfiguration;
			baseConfigurationReference = 8D9C87D00643481F88F3CC85 /* Pods.xcconfig */;
			buildSettings = {
				ASSETCATALOG_COMPILER_APPICON_NAME = AppIcon;
				ASSETCATALOG_COMPILER_LAUNCHIMAGE_NAME = LaunchImage;
				GCC_PRECOMPILE_PREFIX_HEADER = YES;
				GCC_PREFIX_HEADER = "Matched Up/Matched Up-Prefix.pch";
				INFOPLIST_FILE = "Matched Up/Matched Up-Info.plist";
				LIBRARY_SEARCH_PATHS = (
					"$(inherited)",
					"/Users/matsletten/Desktop/Matched\\ Up",
				);
				OTHER_LDFLAGS = (
					"-ObjC",
					"-framework",
					AudioToolbox,
					"-framework",
					CFNetwork,
					"-framework",
					CoreGraphics,
					"-framework",
					CoreLocation,
					"-framework",
					MobileCoreServices,
					"-framework",
					Parse,
					"-framework",
					QuartzCore,
					"-framework",
					Security,
					"-framework",
					StoreKit,
					"-framework",
					SystemConfiguration,
					"-weak_framework",
					Accounts,
					"-weak_framework",
					Security,
					"-weak_framework",
					Social,
				);
				PRODUCT_NAME = "$(TARGET_NAME)";
				WRAPPER_EXTENSION = app;
			};
			name = Release;
		};
		08CF2189193E5883009248A1 /* Debug */ = {
			isa = XCBuildConfiguration;
			buildSettings = {
				ARCHS = "$(ARCHS_STANDARD_INCLUDING_64_BIT)";
				BUNDLE_LOADER = "$(BUILT_PRODUCTS_DIR)/Matched Up.app/Matched Up";
				FRAMEWORK_SEARCH_PATHS = (
					"$(SDKROOT)/Developer/Library/Frameworks",
					"$(inherited)",
					"$(DEVELOPER_FRAMEWORKS_DIR)",
				);
				GCC_PRECOMPILE_PREFIX_HEADER = YES;
				GCC_PREFIX_HEADER = "Matched Up/Matched Up-Prefix.pch";
				GCC_PREPROCESSOR_DEFINITIONS = (
					"DEBUG=1",
					"$(inherited)",
				);
				INFOPLIST_FILE = "Matched UpTests/Matched UpTests-Info.plist";
				PRODUCT_NAME = "$(TARGET_NAME)";
				TEST_HOST = "$(BUNDLE_LOADER)";
				WRAPPER_EXTENSION = xctest;
			};
			name = Debug;
		};
		08CF218A193E5883009248A1 /* Release */ = {
			isa = XCBuildConfiguration;
			buildSettings = {
				ARCHS = "$(ARCHS_STANDARD_INCLUDING_64_BIT)";
				BUNDLE_LOADER = "$(BUILT_PRODUCTS_DIR)/Matched Up.app/Matched Up";
				FRAMEWORK_SEARCH_PATHS = (
					"$(SDKROOT)/Developer/Library/Frameworks",
					"$(inherited)",
					"$(DEVELOPER_FRAMEWORKS_DIR)",
				);
				GCC_PRECOMPILE_PREFIX_HEADER = YES;
				GCC_PREFIX_HEADER = "Matched Up/Matched Up-Prefix.pch";
				INFOPLIST_FILE = "Matched UpTests/Matched UpTests-Info.plist";
				PRODUCT_NAME = "$(TARGET_NAME)";
				TEST_HOST = "$(BUNDLE_LOADER)";
				WRAPPER_EXTENSION = xctest;
			};
			name = Release;
		};
/* End XCBuildConfiguration section */

/* Begin XCConfigurationList section */
		08CF214B193E5883009248A1 /* Build configuration list for PBXProject "Matched Up" */ = {
			isa = XCConfigurationList;
			buildConfigurations = (
				08CF2183193E5883009248A1 /* Debug */,
				08CF2184193E5883009248A1 /* Release */,
			);
			defaultConfigurationIsVisible = 0;
			defaultConfigurationName = Release;
		};
		08CF2185193E5883009248A1 /* Build configuration list for PBXNativeTarget "Matched Up" */ = {
			isa = XCConfigurationList;
			buildConfigurations = (
				08CF2186193E5883009248A1 /* Debug */,
				08CF2187193E5883009248A1 /* Release */,
			);
			defaultConfigurationIsVisible = 0;
			defaultConfigurationName = Release;
		};
		08CF2188193E5883009248A1 /* Build configuration list for PBXNativeTarget "Matched UpTests" */ = {
			isa = XCConfigurationList;
			buildConfigurations = (
				08CF2189193E5883009248A1 /* Debug */,
				08CF218A193E5883009248A1 /* Release */,
			);
			defaultConfigurationIsVisible = 0;
			defaultConfigurationName = Release;
		};
/* End XCConfigurationList section */
	};
	rootObject = 08CF2148193E5883009248A1 /* Project object */;
}
